PODS:
  - Google-Mobile-Ads-SDK (7.5.0)
  - OCHamcrest (4.2.0)
  - OCMockito (1.4.0):
    - OCHamcrest (~> 4.0)
  - RNGridMenu (0.1.3)

DEPENDENCIES:
  - Google-Mobile-Ads-SDK
  - OCMockito (~> 1.0)
  - RNGridMenu (~> 0.1.2)

SPEC CHECKSUMS:
  Google-Mobile-Ads-SDK: 24879c6e4d1c2f9767e68bb9e65640a06c711143
  OCHamcrest: c14c0b3f4c4e99363e5b87d97bae38c4438b6d5d
  OCMockito: 4981140c9a9ec06c31af40f636e3c0f25f27e6b2
  RNGridMenu: c58db81f87b5473936bb1b675dc3e947c409b51d

COCOAPODS: 0.38.2
