PODS:
  - Google-Mobile-Ads-SDK (7.4.1)
  - OCHamcrest (4.1.1)
  - OCMockito (1.4.0):
    - OCHamcrest (~> 4.0)
  - RNGridMenu (0.1.3)

DEPENDENCIES:
  - Google-Mobile-Ads-SDK (~> 7.0)
  - OCMockito (~> 1.0)
  - RNGridMenu (~> 0.1.2)

SPEC CHECKSUMS:
  Google-Mobile-Ads-SDK: dce4c2728daa0bcbd88b6e3dc111b718a07b1eb6
  OCHamcrest: 6f03ffa81d12feab872638490a44ab0a6d3aca10
  OCMockito: 4981140c9a9ec06c31af40f636e3c0f25f27e6b2
  RNGridMenu: c58db81f87b5473936bb1b675dc3e947c409b51d

COCOAPODS: 0.38.2
