// !$*UTF8*$!
{
	archiveVersion = 1;
	classes = {
	};
	objectVersion = 46;
	objects = {

/* Begin PBXBuildFile section */
		4202AE51E5D5DF4D7013E6C2 /* libPods-WE_DDay Tests.a in Frameworks */ = {isa = PBXBuildFile; fileRef = 4BDFD913700D0B7D28813364 /* libPods-WE_DDay Tests.a */; };
		4BEF3B6F06C515CA19581880 /* libPods-WaterEating_DDay.a in Frameworks */ = {isa = PBXBuildFile; fileRef = 5192C9ACB2386C69F8D9C737 /* libPods-WaterEating_DDay.a */; };
		DE06C6B51861780E004E28CD /* XCTest.framework in Frameworks */ = {isa = PBXBuildFile; fileRef = DEDDB65F183DBD2900D78B84 /* XCTest.framework */; };
		DE06C6B61861780E004E28CD /* Foundation.framework in Frameworks */ = {isa = PBXBuildFile; fileRef = DEDDB640183DBD2900D78B84 /* Foundation.framework */; };
		DE06C6B71861780E004E28CD /* UIKit.framework in Frameworks */ = {isa = PBXBuildFile; fileRef = DEDDB644183DBD2900D78B84 /* UIKit.framework */; };
		DE06C6BD1861780E004E28CD /* InfoPlist.strings in Resources */ = {isa = PBXBuildFile; fileRef = DE06C6BB1861780E004E28CD /* InfoPlist.strings */; };
		DE06C6CA186179A7004E28CD /* Coredata_CRUD.m in Sources */ = {isa = PBXBuildFile; fileRef = DE06C6C8186179A7004E28CD /* Coredata_CRUD.m */; };
		DE06C6CB186179A7004E28CD /* DateUtilsTests.m in Sources */ = {isa = PBXBuildFile; fileRef = DE06C6C9186179A7004E28CD /* DateUtilsTests.m */; };
		DE06C6CD186185B7004E28CD /* WE_DDay_Tests.m in Sources */ = {isa = PBXBuildFile; fileRef = DE06C6CC186185B7004E28CD /* WE_DDay_Tests.m */; };
		DE06C6E118619274004E28CD /* Icon-60.png in Resources */ = {isa = PBXBuildFile; fileRef = DE06C6DB18619274004E28CD /* Icon-60.png */; };
		DE06C6E218619274004E28CD /* Icon-Small.png in Resources */ = {isa = PBXBuildFile; fileRef = DE06C6DC18619274004E28CD /* Icon-Small.png */; };
		DE06C6E318619274004E28CD /* Icon-60@2x.png in Resources */ = {isa = PBXBuildFile; fileRef = DE06C6DD18619274004E28CD /* Icon-60@2x.png */; };
		DE06C6E418619274004E28CD /* Icon-Small@2x.png in Resources */ = {isa = PBXBuildFile; fileRef = DE06C6DE18619274004E28CD /* Icon-Small@2x.png */; };
		DE06C6E518619274004E28CD /* Icon-Spotlight-40@2x.png in Resources */ = {isa = PBXBuildFile; fileRef = DE06C6DF18619274004E28CD /* Icon-Spotlight-40@2x.png */; };
		DE06C6E618619274004E28CD /* Icon-Spotlight-40.png in Resources */ = {isa = PBXBuildFile; fileRef = DE06C6E018619274004E28CD /* Icon-Spotlight-40.png */; };
		DE06C6E918619452004E28CD /* WE_DDay_960.png in Resources */ = {isa = PBXBuildFile; fileRef = DE06C6E718619452004E28CD /* WE_DDay_960.png */; };
		DE06C6EA18619452004E28CD /* WE_DDay_1136.png in Resources */ = {isa = PBXBuildFile; fileRef = DE06C6E818619452004E28CD /* WE_DDay_1136.png */; };
		DE0E554B183E09BE00A78CB7 /* background_test.png in Resources */ = {isa = PBXBuildFile; fileRef = DE0E554A183E09BE00A78CB7 /* background_test.png */; };
		DE143116185ED3E5000E8937 /* EditDay.m in Sources */ = {isa = PBXBuildFile; fileRef = DE143115185ED3E5000E8937 /* EditDay.m */; };
		DE14311B185EF6D2000E8937 /* Date+Conversion.m in Sources */ = {isa = PBXBuildFile; fileRef = DE14311A185EF6D2000E8937 /* Date+Conversion.m */; };
		DE1E6B2318A0D16000B2C35E /* SystemConfiguration.framework in Frameworks */ = {isa = PBXBuildFile; fileRef = DE1E6B2218A0D16000B2C35E /* SystemConfiguration.framework */; };
		DE1E6B2518A0D16500B2C35E /* CoreTelephony.framework in Frameworks */ = {isa = PBXBuildFile; fileRef = DE1E6B2418A0D16500B2C35E /* CoreTelephony.framework */; };
		DE3A504F19F647C3000AB325 /* DDayViewController.swift in Sources */ = {isa = PBXBuildFile; fileRef = DE3A504E19F647C3000AB325 /* DDayViewController.swift */; };
		DE3A505319F64C4E000AB325 /* swift_Main.storyboard in Resources */ = {isa = PBXBuildFile; fileRef = DE3A505219F64C4E000AB325 /* swift_Main.storyboard */; };
		DE90C8D9187D081B008AB905 /* menu_dpuls.png in Resources */ = {isa = PBXBuildFile; fileRef = DE90C8CC187D081B008AB905 /* menu_dpuls.png */; };
		DE90C8DA187D081B008AB905 /* menu_dpuls@2x.png in Resources */ = {isa = PBXBuildFile; fileRef = DE90C8CD187D081B008AB905 /* menu_dpuls@2x.png */; };
		DE90C8DB187D081B008AB905 /* menu_dpuls_alpha.png in Resources */ = {isa = PBXBuildFile; fileRef = DE90C8CE187D081B008AB905 /* menu_dpuls_alpha.png */; };
		DE90C8DC187D081B008AB905 /* menu_dpuls_alpha@2x.png in Resources */ = {isa = PBXBuildFile; fileRef = DE90C8CF187D081B008AB905 /* menu_dpuls_alpha@2x.png */; };
		DE90C8DD187D081B008AB905 /* menu_minus.png in Resources */ = {isa = PBXBuildFile; fileRef = DE90C8D0187D081B008AB905 /* menu_minus.png */; };
		DE90C8DE187D081B008AB905 /* menu_minus@2x.png in Resources */ = {isa = PBXBuildFile; fileRef = DE90C8D1187D081B008AB905 /* menu_minus@2x.png */; };
		DE90C8DF187D081B008AB905 /* menu_minus_alpha.png in Resources */ = {isa = PBXBuildFile; fileRef = DE90C8D2187D081B008AB905 /* menu_minus_alpha.png */; };
		DE90C8E0187D081B008AB905 /* menu_minus_alpha@2x.png in Resources */ = {isa = PBXBuildFile; fileRef = DE90C8D3187D081B008AB905 /* menu_minus_alpha@2x.png */; };
		DE90C8E1187D081B008AB905 /* menu_year.png in Resources */ = {isa = PBXBuildFile; fileRef = DE90C8D4187D081B008AB905 /* menu_year.png */; };
		DE90C8E2187D081B008AB905 /* menu_year@2x.png in Resources */ = {isa = PBXBuildFile; fileRef = DE90C8D5187D081B008AB905 /* menu_year@2x.png */; };
		DE90C8E3187D081B008AB905 /* menu_year_alpha.png in Resources */ = {isa = PBXBuildFile; fileRef = DE90C8D6187D081B008AB905 /* menu_year_alpha.png */; };
		DE90C8E4187D081B008AB905 /* menu_year_alpha@2x.png in Resources */ = {isa = PBXBuildFile; fileRef = DE90C8D7187D081B008AB905 /* menu_year_alpha@2x.png */; };
		DE90C8E5187D081B008AB905 /* Thumbs.db in Resources */ = {isa = PBXBuildFile; fileRef = DE90C8D8187D081B008AB905 /* Thumbs.db */; };
		DE933B12186036A7006E0B1B /* alarm.png in Resources */ = {isa = PBXBuildFile; fileRef = DE933B10186036A6006E0B1B /* alarm.png */; };
		DE933B13186036A7006E0B1B /* noti.png in Resources */ = {isa = PBXBuildFile; fileRef = DE933B11186036A6006E0B1B /* noti.png */; };
		DEA3CB66184735CE00034A4D /* Model.xcdatamodeld in Sources */ = {isa = PBXBuildFile; fileRef = DEA3CB64184735CE00034A4D /* Model.xcdatamodeld */; };
		DED0BB0318482AE500F7564F /* CoreData.framework in Frameworks */ = {isa = PBXBuildFile; fileRef = DED0BB0218482AE500F7564F /* CoreData.framework */; };
		DED0BB09184848A400F7564F /* Date+Calendar.m in Sources */ = {isa = PBXBuildFile; fileRef = DED0BB08184848A400F7564F /* Date+Calendar.m */; };
		DED48ED7185FD8C500ECA59B /* AlertViewCreate.m in Sources */ = {isa = PBXBuildFile; fileRef = DED48ED5185FD8C500ECA59B /* AlertViewCreate.m */; };
		DED48EDA185FDEE000ECA59B /* Entity+init.m in Sources */ = {isa = PBXBuildFile; fileRef = DED48ED9185FDEE000ECA59B /* Entity+init.m */; };
		DEDDB641183DBD2900D78B84 /* Foundation.framework in Frameworks */ = {isa = PBXBuildFile; fileRef = DEDDB640183DBD2900D78B84 /* Foundation.framework */; };
		DEDDB643183DBD2900D78B84 /* CoreGraphics.framework in Frameworks */ = {isa = PBXBuildFile; fileRef = DEDDB642183DBD2900D78B84 /* CoreGraphics.framework */; };
		DEDDB645183DBD2900D78B84 /* UIKit.framework in Frameworks */ = {isa = PBXBuildFile; fileRef = DEDDB644183DBD2900D78B84 /* UIKit.framework */; };
		DEDDB64B183DBD2900D78B84 /* InfoPlist.strings in Resources */ = {isa = PBXBuildFile; fileRef = DEDDB649183DBD2900D78B84 /* InfoPlist.strings */; };
		DEDDB64D183DBD2900D78B84 /* main.m in Sources */ = {isa = PBXBuildFile; fileRef = DEDDB64C183DBD2900D78B84 /* main.m */; };
		DEDDB651183DBD2900D78B84 /* WE_DDayAppDelegate.m in Sources */ = {isa = PBXBuildFile; fileRef = DEDDB650183DBD2900D78B84 /* WE_DDayAppDelegate.m */; };
		DEDDB659183DBD2900D78B84 /* Images.xcassets in Resources */ = {isa = PBXBuildFile; fileRef = DEDDB658183DBD2900D78B84 /* Images.xcassets */; };
		DEE05F0F189F245C00FF2BDC /* menu.png in Resources */ = {isa = PBXBuildFile; fileRef = DEE05F0E189F245C00FF2BDC /* menu.png */; };
		DEF2FD5F18C58AF5009C06F7 /* AddEdit.storyboard in Resources */ = {isa = PBXBuildFile; fileRef = DEF2FD5C18C58AF5009C06F7 /* AddEdit.storyboard */; };
		DEF2FD6018C58AF5009C06F7 /* AddEditViewController.m in Sources */ = {isa = PBXBuildFile; fileRef = DEF2FD5E18C58AF5009C06F7 /* AddEditViewController.m */; };
		DEF2FD6218C5AEDF009C06F7 /* detail_edit.png in Resources */ = {isa = PBXBuildFile; fileRef = DEF2FD6118C5AEDF009C06F7 /* detail_edit.png */; };
		DEF8CED119F74ADD007735B5 /* WE_DDay_Icon_1024.png in Resources */ = {isa = PBXBuildFile; fileRef = DEF8CED019F74ADD007735B5 /* WE_DDay_Icon_1024.png */; };
		EA5F49561B8C4F85007AA0A2 /* MagicalImportFunctions.m in Sources */ = {isa = PBXBuildFile; fileRef = EA5F491E1B8C4F85007AA0A2 /* MagicalImportFunctions.m */; };
		EA5F49571B8C4F85007AA0A2 /* NSAttributeDescription+MagicalDataImport.m in Sources */ = {isa = PBXBuildFile; fileRef = EA5F49201B8C4F85007AA0A2 /* NSAttributeDescription+MagicalDataImport.m */; };
		EA5F49581B8C4F85007AA0A2 /* NSEntityDescription+MagicalDataImport.m in Sources */ = {isa = PBXBuildFile; fileRef = EA5F49221B8C4F85007AA0A2 /* NSEntityDescription+MagicalDataImport.m */; };
		EA5F49591B8C4F85007AA0A2 /* NSNumber+MagicalDataImport.m in Sources */ = {isa = PBXBuildFile; fileRef = EA5F49241B8C4F85007AA0A2 /* NSNumber+MagicalDataImport.m */; };
		EA5F495A1B8C4F85007AA0A2 /* NSObject+MagicalDataImport.m in Sources */ = {isa = PBXBuildFile; fileRef = EA5F49261B8C4F85007AA0A2 /* NSObject+MagicalDataImport.m */; };
		EA5F495B1B8C4F85007AA0A2 /* NSRelationshipDescription+MagicalDataImport.m in Sources */ = {isa = PBXBuildFile; fileRef = EA5F49281B8C4F85007AA0A2 /* NSRelationshipDescription+MagicalDataImport.m */; };
		EA5F495C1B8C4F85007AA0A2 /* NSString+MagicalDataImport.m in Sources */ = {isa = PBXBuildFile; fileRef = EA5F492A1B8C4F85007AA0A2 /* NSString+MagicalDataImport.m */; };
		EA5F495D1B8C4F85007AA0A2 /* NSManagedObject+MagicalAggregation.m in Sources */ = {isa = PBXBuildFile; fileRef = EA5F492D1B8C4F85007AA0A2 /* NSManagedObject+MagicalAggregation.m */; };
		EA5F495E1B8C4F85007AA0A2 /* NSManagedObject+MagicalDataImport.m in Sources */ = {isa = PBXBuildFile; fileRef = EA5F492F1B8C4F85007AA0A2 /* NSManagedObject+MagicalDataImport.m */; };
		EA5F495F1B8C4F85007AA0A2 /* NSManagedObject+MagicalFinders.m in Sources */ = {isa = PBXBuildFile; fileRef = EA5F49311B8C4F85007AA0A2 /* NSManagedObject+MagicalFinders.m */; };
		EA5F49601B8C4F85007AA0A2 /* NSManagedObject+MagicalRecord.m in Sources */ = {isa = PBXBuildFile; fileRef = EA5F49331B8C4F85007AA0A2 /* NSManagedObject+MagicalRecord.m */; };
		EA5F49611B8C4F85007AA0A2 /* NSManagedObject+MagicalRequests.m in Sources */ = {isa = PBXBuildFile; fileRef = EA5F49351B8C4F85007AA0A2 /* NSManagedObject+MagicalRequests.m */; };
		EA5F49621B8C4F85007AA0A2 /* NSManagedObjectContext+MagicalObserving.m in Sources */ = {isa = PBXBuildFile; fileRef = EA5F49381B8C4F85007AA0A2 /* NSManagedObjectContext+MagicalObserving.m */; };
		EA5F49631B8C4F85007AA0A2 /* NSManagedObjectContext+MagicalRecord.m in Sources */ = {isa = PBXBuildFile; fileRef = EA5F493A1B8C4F85007AA0A2 /* NSManagedObjectContext+MagicalRecord.m */; };
		EA5F49641B8C4F85007AA0A2 /* NSManagedObjectContext+MagicalSaves.m in Sources */ = {isa = PBXBuildFile; fileRef = EA5F493C1B8C4F85007AA0A2 /* NSManagedObjectContext+MagicalSaves.m */; };
		EA5F49651B8C4F85007AA0A2 /* NSManagedObjectContext+MagicalThreading.m in Sources */ = {isa = PBXBuildFile; fileRef = EA5F493E1B8C4F85007AA0A2 /* NSManagedObjectContext+MagicalThreading.m */; };
		EA5F49661B8C4F85007AA0A2 /* NSManagedObjectModel+MagicalRecord.m in Sources */ = {isa = PBXBuildFile; fileRef = EA5F49401B8C4F85007AA0A2 /* NSManagedObjectModel+MagicalRecord.m */; };
		EA5F49671B8C4F85007AA0A2 /* NSPersistentStore+MagicalRecord.m in Sources */ = {isa = PBXBuildFile; fileRef = EA5F49421B8C4F85007AA0A2 /* NSPersistentStore+MagicalRecord.m */; };
		EA5F49681B8C4F85007AA0A2 /* NSPersistentStoreCoordinator+MagicalRecord.m in Sources */ = {isa = PBXBuildFile; fileRef = EA5F49441B8C4F85007AA0A2 /* NSPersistentStoreCoordinator+MagicalRecord.m */; };
		EA5F49691B8C4F85007AA0A2 /* MagicalRecord+Actions.m in Sources */ = {isa = PBXBuildFile; fileRef = EA5F49471B8C4F85007AA0A2 /* MagicalRecord+Actions.m */; };
		EA5F496A1B8C4F85007AA0A2 /* MagicalRecord+ErrorHandling.m in Sources */ = {isa = PBXBuildFile; fileRef = EA5F49491B8C4F85007AA0A2 /* MagicalRecord+ErrorHandling.m */; };
		EA5F496B1B8C4F85007AA0A2 /* MagicalRecord+iCloud.m in Sources */ = {isa = PBXBuildFile; fileRef = EA5F494B1B8C4F85007AA0A2 /* MagicalRecord+iCloud.m */; };
		EA5F496C1B8C4F85007AA0A2 /* MagicalRecord+Options.m in Sources */ = {isa = PBXBuildFile; fileRef = EA5F494D1B8C4F85007AA0A2 /* MagicalRecord+Options.m */; };
		EA5F496D1B8C4F85007AA0A2 /* MagicalRecord+Setup.m in Sources */ = {isa = PBXBuildFile; fileRef = EA5F494F1B8C4F85007AA0A2 /* MagicalRecord+Setup.m */; };
		EA5F496E1B8C4F85007AA0A2 /* MagicalRecord+ShorthandSupport.m in Sources */ = {isa = PBXBuildFile; fileRef = EA5F49511B8C4F85007AA0A2 /* MagicalRecord+ShorthandSupport.m */; };
		EA5F496F1B8C4F85007AA0A2 /* MagicalRecord.m in Sources */ = {isa = PBXBuildFile; fileRef = EA5F49531B8C4F85007AA0A2 /* MagicalRecord.m */; };
		EA69F5EE1BBBB7B8009D814B /* DDay_Detail_Storyboard.storyboard in Resources */ = {isa = PBXBuildFile; fileRef = EA69F5ED1BBBB7B8009D814B /* DDay_Detail_Storyboard.storyboard */; settings = {ASSET_TAGS = (); }; };
		EA69F5F01BBBB7E7009D814B /* DDay_Detail_ViewController.swift in Sources */ = {isa = PBXBuildFile; fileRef = EA69F5EF1BBBB7E7009D814B /* DDay_Detail_ViewController.swift */; settings = {ASSET_TAGS = (); }; };
		EA972A7E1BBEE0DF00BB5559 /* Detail_TopInfo_TableViewCell.swift in Sources */ = {isa = PBXBuildFile; fileRef = EA972A7D1BBEE0DF00BB5559 /* Detail_TopInfo_TableViewCell.swift */; settings = {ASSET_TAGS = (); }; };
		EADCF6A01BBEE40800A8382B /* Detail_RowInfo_TableViewCell.swift in Sources */ = {isa = PBXBuildFile; fileRef = EADCF69F1BBEE40800A8382B /* Detail_RowInfo_TableViewCell.swift */; settings = {ASSET_TAGS = (); }; };
/* End PBXBuildFile section */

/* Begin PBXContainerItemProxy section */
		DE06C6C11861780E004E28CD /* PBXContainerItemProxy */ = {
			isa = PBXContainerItemProxy;
			containerPortal = DEDDB635183DBD2800D78B84 /* Project object */;
			proxyType = 1;
			remoteGlobalIDString = DEDDB63C183DBD2900D78B84;
			remoteInfo = WaterEating_DDay;
		};
/* End PBXContainerItemProxy section */

/* Begin PBXFileReference section */
		4BDFD913700D0B7D28813364 /* libPods-WE_DDay Tests.a */ = {isa = PBXFileReference; explicitFileType = archive.ar; includeInIndex = 0; path = "libPods-WE_DDay Tests.a"; sourceTree = BUILT_PRODUCTS_DIR; };
		5192C9ACB2386C69F8D9C737 /* libPods-WaterEating_DDay.a */ = {isa = PBXFileReference; explicitFileType = archive.ar; includeInIndex = 0; path = "libPods-WaterEating_DDay.a"; sourceTree = BUILT_PRODUCTS_DIR; };
		55617194F840C2B2C79FAEB3 /* Pods-WaterEating_DDay.release.xcconfig */ = {isa = PBXFileReference; includeInIndex = 1; lastKnownFileType = text.xcconfig; name = "Pods-WaterEating_DDay.release.xcconfig"; path = "Pods/Target Support Files/Pods-WaterEating_DDay/Pods-WaterEating_DDay.release.xcconfig"; sourceTree = "<group>"; };
		CCBD88C28D2D8E70BD271DB0 /* Pods-WE_DDay Tests.debug.xcconfig */ = {isa = PBXFileReference; includeInIndex = 1; lastKnownFileType = text.xcconfig; name = "Pods-WE_DDay Tests.debug.xcconfig"; path = "Pods/Target Support Files/Pods-WE_DDay Tests/Pods-WE_DDay Tests.debug.xcconfig"; sourceTree = "<group>"; };
		DE06C6B41861780E004E28CD /* WE_DDay Tests.xctest */ = {isa = PBXFileReference; explicitFileType = wrapper.cfbundle; includeInIndex = 0; path = "WE_DDay Tests.xctest"; sourceTree = BUILT_PRODUCTS_DIR; };
		DE06C6BA1861780E004E28CD /* WE_DDay Tests-Info.plist */ = {isa = PBXFileReference; lastKnownFileType = text.plist.xml; path = "WE_DDay Tests-Info.plist"; sourceTree = "<group>"; };
		DE06C6BC1861780E004E28CD /* en */ = {isa = PBXFileReference; lastKnownFileType = text.plist.strings; name = en; path = en.lproj/InfoPlist.strings; sourceTree = "<group>"; };
		DE06C6C01861780E004E28CD /* WE_DDay Tests-Prefix.pch */ = {isa = PBXFileReference; lastKnownFileType = sourcecode.c.h; path = "WE_DDay Tests-Prefix.pch"; sourceTree = "<group>"; };
		DE06C6C8186179A7004E28CD /* Coredata_CRUD.m */ = {isa = PBXFileReference; lastKnownFileType = sourcecode.c.objc; path = Coredata_CRUD.m; sourceTree = "<group>"; };
		DE06C6C9186179A7004E28CD /* DateUtilsTests.m */ = {isa = PBXFileReference; lastKnownFileType = sourcecode.c.objc; path = DateUtilsTests.m; sourceTree = "<group>"; };
		DE06C6CC186185B7004E28CD /* WE_DDay_Tests.m */ = {isa = PBXFileReference; fileEncoding = 4; lastKnownFileType = sourcecode.c.objc; path = WE_DDay_Tests.m; sourceTree = "<group>"; };
		DE06C6DB18619274004E28CD /* Icon-60.png */ = {isa = PBXFileReference; lastKnownFileType = image.png; path = "Icon-60.png"; sourceTree = "<group>"; };
		DE06C6DC18619274004E28CD /* Icon-Small.png */ = {isa = PBXFileReference; lastKnownFileType = image.png; path = "Icon-Small.png"; sourceTree = "<group>"; };
		DE06C6DD18619274004E28CD /* Icon-60@2x.png */ = {isa = PBXFileReference; lastKnownFileType = image.png; path = "Icon-60@2x.png"; sourceTree = "<group>"; };
		DE06C6DE18619274004E28CD /* Icon-Small@2x.png */ = {isa = PBXFileReference; lastKnownFileType = image.png; path = "Icon-Small@2x.png"; sourceTree = "<group>"; };
		DE06C6DF18619274004E28CD /* Icon-Spotlight-40@2x.png */ = {isa = PBXFileReference; lastKnownFileType = image.png; path = "Icon-Spotlight-40@2x.png"; sourceTree = "<group>"; };
		DE06C6E018619274004E28CD /* Icon-Spotlight-40.png */ = {isa = PBXFileReference; lastKnownFileType = image.png; path = "Icon-Spotlight-40.png"; sourceTree = "<group>"; };
		DE06C6E718619452004E28CD /* WE_DDay_960.png */ = {isa = PBXFileReference; lastKnownFileType = image.png; path = WE_DDay_960.png; sourceTree = "<group>"; };
		DE06C6E818619452004E28CD /* WE_DDay_1136.png */ = {isa = PBXFileReference; lastKnownFileType = image.png; path = WE_DDay_1136.png; sourceTree = "<group>"; };
		DE0E554A183E09BE00A78CB7 /* background_test.png */ = {isa = PBXFileReference; lastKnownFileType = image.png; path = background_test.png; sourceTree = "<group>"; };
		DE143114185ED3E5000E8937 /* EditDay.h */ = {isa = PBXFileReference; fileEncoding = 4; lastKnownFileType = sourcecode.c.h; path = EditDay.h; sourceTree = "<group>"; };
		DE143115185ED3E5000E8937 /* EditDay.m */ = {isa = PBXFileReference; fileEncoding = 4; lastKnownFileType = sourcecode.c.objc; path = EditDay.m; sourceTree = "<group>"; };
		DE143119185EF6D2000E8937 /* Date+Conversion.h */ = {isa = PBXFileReference; fileEncoding = 4; lastKnownFileType = sourcecode.c.h; path = "Date+Conversion.h"; sourceTree = "<group>"; };
		DE14311A185EF6D2000E8937 /* Date+Conversion.m */ = {isa = PBXFileReference; fileEncoding = 4; lastKnownFileType = sourcecode.c.objc; path = "Date+Conversion.m"; sourceTree = "<group>"; };
		DE1E6B2218A0D16000B2C35E /* SystemConfiguration.framework */ = {isa = PBXFileReference; lastKnownFileType = wrapper.framework; name = SystemConfiguration.framework; path = System/Library/Frameworks/SystemConfiguration.framework; sourceTree = SDKROOT; };
		DE1E6B2418A0D16500B2C35E /* CoreTelephony.framework */ = {isa = PBXFileReference; lastKnownFileType = wrapper.framework; name = CoreTelephony.framework; path = System/Library/Frameworks/CoreTelephony.framework; sourceTree = SDKROOT; };
		DE3A504D19F647C2000AB325 /* WaterEating_DDay-Bridging-Header.h */ = {isa = PBXFileReference; lastKnownFileType = sourcecode.c.h; path = "WaterEating_DDay-Bridging-Header.h"; sourceTree = "<group>"; };
		DE3A504E19F647C3000AB325 /* DDayViewController.swift */ = {isa = PBXFileReference; fileEncoding = 4; lastKnownFileType = sourcecode.swift; name = DDayViewController.swift; path = WaterEating_DDay/DDayViewController.swift; sourceTree = "<group>"; };
		DE3A505219F64C4E000AB325 /* swift_Main.storyboard */ = {isa = PBXFileReference; fileEncoding = 4; lastKnownFileType = file.storyboard; name = swift_Main.storyboard; path = WaterEating_DDay/swift_Main.storyboard; sourceTree = "<group>"; };
		DE90C8CC187D081B008AB905 /* menu_dpuls.png */ = {isa = PBXFileReference; lastKnownFileType = image.png; path = menu_dpuls.png; sourceTree = "<group>"; };
		DE90C8CD187D081B008AB905 /* menu_dpuls@2x.png */ = {isa = PBXFileReference; lastKnownFileType = image.png; path = "menu_dpuls@2x.png"; sourceTree = "<group>"; };
		DE90C8CE187D081B008AB905 /* menu_dpuls_alpha.png */ = {isa = PBXFileReference; lastKnownFileType = image.png; path = menu_dpuls_alpha.png; sourceTree = "<group>"; };
		DE90C8CF187D081B008AB905 /* menu_dpuls_alpha@2x.png */ = {isa = PBXFileReference; lastKnownFileType = image.png; path = "menu_dpuls_alpha@2x.png"; sourceTree = "<group>"; };
		DE90C8D0187D081B008AB905 /* menu_minus.png */ = {isa = PBXFileReference; lastKnownFileType = image.png; path = menu_minus.png; sourceTree = "<group>"; };
		DE90C8D1187D081B008AB905 /* menu_minus@2x.png */ = {isa = PBXFileReference; lastKnownFileType = image.png; path = "menu_minus@2x.png"; sourceTree = "<group>"; };
		DE90C8D2187D081B008AB905 /* menu_minus_alpha.png */ = {isa = PBXFileReference; lastKnownFileType = image.png; path = menu_minus_alpha.png; sourceTree = "<group>"; };
		DE90C8D3187D081B008AB905 /* menu_minus_alpha@2x.png */ = {isa = PBXFileReference; lastKnownFileType = image.png; path = "menu_minus_alpha@2x.png"; sourceTree = "<group>"; };
		DE90C8D4187D081B008AB905 /* menu_year.png */ = {isa = PBXFileReference; lastKnownFileType = image.png; path = menu_year.png; sourceTree = "<group>"; };
		DE90C8D5187D081B008AB905 /* menu_year@2x.png */ = {isa = PBXFileReference; lastKnownFileType = image.png; path = "menu_year@2x.png"; sourceTree = "<group>"; };
		DE90C8D6187D081B008AB905 /* menu_year_alpha.png */ = {isa = PBXFileReference; lastKnownFileType = image.png; path = menu_year_alpha.png; sourceTree = "<group>"; };
		DE90C8D7187D081B008AB905 /* menu_year_alpha@2x.png */ = {isa = PBXFileReference; lastKnownFileType = image.png; path = "menu_year_alpha@2x.png"; sourceTree = "<group>"; };
		DE90C8D8187D081B008AB905 /* Thumbs.db */ = {isa = PBXFileReference; lastKnownFileType = file; path = Thumbs.db; sourceTree = "<group>"; };
		DE933B10186036A6006E0B1B /* alarm.png */ = {isa = PBXFileReference; lastKnownFileType = image.png; path = alarm.png; sourceTree = "<group>"; };
		DE933B11186036A6006E0B1B /* noti.png */ = {isa = PBXFileReference; lastKnownFileType = image.png; path = noti.png; sourceTree = "<group>"; };
		DEA3CB65184735CE00034A4D /* Model.xcdatamodel */ = {isa = PBXFileReference; lastKnownFileType = wrapper.xcdatamodel; path = Model.xcdatamodel; sourceTree = "<group>"; };
		DED0BB0218482AE500F7564F /* CoreData.framework */ = {isa = PBXFileReference; lastKnownFileType = wrapper.framework; name = CoreData.framework; path = System/Library/Frameworks/CoreData.framework; sourceTree = SDKROOT; };
		DED0BB07184848A400F7564F /* Date+Calendar.h */ = {isa = PBXFileReference; fileEncoding = 4; lastKnownFileType = sourcecode.c.h; path = "Date+Calendar.h"; sourceTree = "<group>"; };
		DED0BB08184848A400F7564F /* Date+Calendar.m */ = {isa = PBXFileReference; fileEncoding = 4; lastKnownFileType = sourcecode.c.objc; path = "Date+Calendar.m"; sourceTree = "<group>"; };
		DED48ED5185FD8C500ECA59B /* AlertViewCreate.m */ = {isa = PBXFileReference; fileEncoding = 4; lastKnownFileType = sourcecode.c.objc; path = AlertViewCreate.m; sourceTree = "<group>"; };
		DED48ED6185FD8C500ECA59B /* AlertViewCreate.h */ = {isa = PBXFileReference; fileEncoding = 4; lastKnownFileType = sourcecode.c.h; path = AlertViewCreate.h; sourceTree = "<group>"; };
		DED48ED8185FDEE000ECA59B /* Entity+init.h */ = {isa = PBXFileReference; fileEncoding = 4; lastKnownFileType = sourcecode.c.h; path = "Entity+init.h"; sourceTree = "<group>"; };
		DED48ED9185FDEE000ECA59B /* Entity+init.m */ = {isa = PBXFileReference; fileEncoding = 4; lastKnownFileType = sourcecode.c.objc; path = "Entity+init.m"; sourceTree = "<group>"; };
		DEDDB63D183DBD2900D78B84 /* 물먹고 디데이.app */ = {isa = PBXFileReference; explicitFileType = wrapper.application; includeInIndex = 0; path = "물먹고 디데이.app"; sourceTree = BUILT_PRODUCTS_DIR; };
		DEDDB640183DBD2900D78B84 /* Foundation.framework */ = {isa = PBXFileReference; lastKnownFileType = wrapper.framework; name = Foundation.framework; path = System/Library/Frameworks/Foundation.framework; sourceTree = SDKROOT; };
		DEDDB642183DBD2900D78B84 /* CoreGraphics.framework */ = {isa = PBXFileReference; lastKnownFileType = wrapper.framework; name = CoreGraphics.framework; path = System/Library/Frameworks/CoreGraphics.framework; sourceTree = SDKROOT; };
		DEDDB644183DBD2900D78B84 /* UIKit.framework */ = {isa = PBXFileReference; lastKnownFileType = wrapper.framework; name = UIKit.framework; path = System/Library/Frameworks/UIKit.framework; sourceTree = SDKROOT; };
		DEDDB648183DBD2900D78B84 /* WaterEating_DDay-Info.plist */ = {isa = PBXFileReference; lastKnownFileType = text.plist.xml; path = "WaterEating_DDay-Info.plist"; sourceTree = "<group>"; };
		DEDDB64A183DBD2900D78B84 /* en */ = {isa = PBXFileReference; lastKnownFileType = text.plist.strings; name = en; path = en.lproj/InfoPlist.strings; sourceTree = "<group>"; };
		DEDDB64C183DBD2900D78B84 /* main.m */ = {isa = PBXFileReference; lastKnownFileType = sourcecode.c.objc; path = main.m; sourceTree = "<group>"; };
		DEDDB64E183DBD2900D78B84 /* WaterEating_DDay-Prefix.pch */ = {isa = PBXFileReference; lastKnownFileType = sourcecode.c.h; path = "WaterEating_DDay-Prefix.pch"; sourceTree = "<group>"; };
		DEDDB64F183DBD2900D78B84 /* WE_DDayAppDelegate.h */ = {isa = PBXFileReference; lastKnownFileType = sourcecode.c.h; path = WE_DDayAppDelegate.h; sourceTree = "<group>"; };
		DEDDB650183DBD2900D78B84 /* WE_DDayAppDelegate.m */ = {isa = PBXFileReference; lastKnownFileType = sourcecode.c.objc; path = WE_DDayAppDelegate.m; sourceTree = "<group>"; };
		DEDDB658183DBD2900D78B84 /* Images.xcassets */ = {isa = PBXFileReference; lastKnownFileType = folder.assetcatalog; path = Images.xcassets; sourceTree = "<group>"; };
		DEDDB65F183DBD2900D78B84 /* XCTest.framework */ = {isa = PBXFileReference; lastKnownFileType = wrapper.framework; name = XCTest.framework; path = Library/Frameworks/XCTest.framework; sourceTree = DEVELOPER_DIR; };
		DEE05F0E189F245C00FF2BDC /* menu.png */ = {isa = PBXFileReference; lastKnownFileType = image.png; name = menu.png; path = ../../Icon/menu.png; sourceTree = "<group>"; };
		DEF2FD5C18C58AF5009C06F7 /* AddEdit.storyboard */ = {isa = PBXFileReference; fileEncoding = 4; lastKnownFileType = file.storyboard; name = AddEdit.storyboard; path = WaterEating_DDay/AddEdit.storyboard; sourceTree = "<group>"; };
		DEF2FD5D18C58AF5009C06F7 /* AddEditViewController.h */ = {isa = PBXFileReference; fileEncoding = 4; lastKnownFileType = sourcecode.c.h; name = AddEditViewController.h; path = WaterEating_DDay/AddEditViewController.h; sourceTree = "<group>"; };
		DEF2FD5E18C58AF5009C06F7 /* AddEditViewController.m */ = {isa = PBXFileReference; fileEncoding = 4; lastKnownFileType = sourcecode.c.objc; name = AddEditViewController.m; path = WaterEating_DDay/AddEditViewController.m; sourceTree = "<group>"; };
		DEF2FD6118C5AEDF009C06F7 /* detail_edit.png */ = {isa = PBXFileReference; lastKnownFileType = image.png; path = detail_edit.png; sourceTree = "<group>"; };
		DEF8CED019F74ADD007735B5 /* WE_DDay_Icon_1024.png */ = {isa = PBXFileReference; lastKnownFileType = image.png; name = WE_DDay_Icon_1024.png; path = Icon/WE_DDay_Icon_1024.png; sourceTree = SOURCE_ROOT; };
		E5E37F3754425DF75F150C3A /* Pods-WE_DDay Tests.release.xcconfig */ = {isa = PBXFileReference; includeInIndex = 1; lastKnownFileType = text.xcconfig; name = "Pods-WE_DDay Tests.release.xcconfig"; path = "Pods/Target Support Files/Pods-WE_DDay Tests/Pods-WE_DDay Tests.release.xcconfig"; sourceTree = "<group>"; };
		EA5F491D1B8C4F85007AA0A2 /* MagicalImportFunctions.h */ = {isa = PBXFileReference; fileEncoding = 4; lastKnownFileType = sourcecode.c.h; path = MagicalImportFunctions.h; sourceTree = "<group>"; };
		EA5F491E1B8C4F85007AA0A2 /* MagicalImportFunctions.m */ = {isa = PBXFileReference; fileEncoding = 4; lastKnownFileType = sourcecode.c.objc; path = MagicalImportFunctions.m; sourceTree = "<group>"; };
		EA5F491F1B8C4F85007AA0A2 /* NSAttributeDescription+MagicalDataImport.h */ = {isa = PBXFileReference; fileEncoding = 4; lastKnownFileType = sourcecode.c.h; path = "NSAttributeDescription+MagicalDataImport.h"; sourceTree = "<group>"; };
		EA5F49201B8C4F85007AA0A2 /* NSAttributeDescription+MagicalDataImport.m */ = {isa = PBXFileReference; fileEncoding = 4; lastKnownFileType = sourcecode.c.objc; path = "NSAttributeDescription+MagicalDataImport.m"; sourceTree = "<group>"; };
		EA5F49211B8C4F85007AA0A2 /* NSEntityDescription+MagicalDataImport.h */ = {isa = PBXFileReference; fileEncoding = 4; lastKnownFileType = sourcecode.c.h; path = "NSEntityDescription+MagicalDataImport.h"; sourceTree = "<group>"; };
		EA5F49221B8C4F85007AA0A2 /* NSEntityDescription+MagicalDataImport.m */ = {isa = PBXFileReference; fileEncoding = 4; lastKnownFileType = sourcecode.c.objc; path = "NSEntityDescription+MagicalDataImport.m"; sourceTree = "<group>"; };
		EA5F49231B8C4F85007AA0A2 /* NSNumber+MagicalDataImport.h */ = {isa = PBXFileReference; fileEncoding = 4; lastKnownFileType = sourcecode.c.h; path = "NSNumber+MagicalDataImport.h"; sourceTree = "<group>"; };
		EA5F49241B8C4F85007AA0A2 /* NSNumber+MagicalDataImport.m */ = {isa = PBXFileReference; fileEncoding = 4; lastKnownFileType = sourcecode.c.objc; path = "NSNumber+MagicalDataImport.m"; sourceTree = "<group>"; };
		EA5F49251B8C4F85007AA0A2 /* NSObject+MagicalDataImport.h */ = {isa = PBXFileReference; fileEncoding = 4; lastKnownFileType = sourcecode.c.h; path = "NSObject+MagicalDataImport.h"; sourceTree = "<group>"; };
		EA5F49261B8C4F85007AA0A2 /* NSObject+MagicalDataImport.m */ = {isa = PBXFileReference; fileEncoding = 4; lastKnownFileType = sourcecode.c.objc; path = "NSObject+MagicalDataImport.m"; sourceTree = "<group>"; };
		EA5F49271B8C4F85007AA0A2 /* NSRelationshipDescription+MagicalDataImport.h */ = {isa = PBXFileReference; fileEncoding = 4; lastKnownFileType = sourcecode.c.h; path = "NSRelationshipDescription+MagicalDataImport.h"; sourceTree = "<group>"; };
		EA5F49281B8C4F85007AA0A2 /* NSRelationshipDescription+MagicalDataImport.m */ = {isa = PBXFileReference; fileEncoding = 4; lastKnownFileType = sourcecode.c.objc; path = "NSRelationshipDescription+MagicalDataImport.m"; sourceTree = "<group>"; };
		EA5F49291B8C4F85007AA0A2 /* NSString+MagicalDataImport.h */ = {isa = PBXFileReference; fileEncoding = 4; lastKnownFileType = sourcecode.c.h; path = "NSString+MagicalDataImport.h"; sourceTree = "<group>"; };
		EA5F492A1B8C4F85007AA0A2 /* NSString+MagicalDataImport.m */ = {isa = PBXFileReference; fileEncoding = 4; lastKnownFileType = sourcecode.c.objc; path = "NSString+MagicalDataImport.m"; sourceTree = "<group>"; };
		EA5F492C1B8C4F85007AA0A2 /* NSManagedObject+MagicalAggregation.h */ = {isa = PBXFileReference; fileEncoding = 4; lastKnownFileType = sourcecode.c.h; path = "NSManagedObject+MagicalAggregation.h"; sourceTree = "<group>"; };
		EA5F492D1B8C4F85007AA0A2 /* NSManagedObject+MagicalAggregation.m */ = {isa = PBXFileReference; fileEncoding = 4; lastKnownFileType = sourcecode.c.objc; path = "NSManagedObject+MagicalAggregation.m"; sourceTree = "<group>"; };
		EA5F492E1B8C4F85007AA0A2 /* NSManagedObject+MagicalDataImport.h */ = {isa = PBXFileReference; fileEncoding = 4; lastKnownFileType = sourcecode.c.h; path = "NSManagedObject+MagicalDataImport.h"; sourceTree = "<group>"; };
		EA5F492F1B8C4F85007AA0A2 /* NSManagedObject+MagicalDataImport.m */ = {isa = PBXFileReference; fileEncoding = 4; lastKnownFileType = sourcecode.c.objc; path = "NSManagedObject+MagicalDataImport.m"; sourceTree = "<group>"; };
		EA5F49301B8C4F85007AA0A2 /* NSManagedObject+MagicalFinders.h */ = {isa = PBXFileReference; fileEncoding = 4; lastKnownFileType = sourcecode.c.h; path = "NSManagedObject+MagicalFinders.h"; sourceTree = "<group>"; };
		EA5F49311B8C4F85007AA0A2 /* NSManagedObject+MagicalFinders.m */ = {isa = PBXFileReference; fileEncoding = 4; lastKnownFileType = sourcecode.c.objc; path = "NSManagedObject+MagicalFinders.m"; sourceTree = "<group>"; };
		EA5F49321B8C4F85007AA0A2 /* NSManagedObject+MagicalRecord.h */ = {isa = PBXFileReference; fileEncoding = 4; lastKnownFileType = sourcecode.c.h; path = "NSManagedObject+MagicalRecord.h"; sourceTree = "<group>"; };
		EA5F49331B8C4F85007AA0A2 /* NSManagedObject+MagicalRecord.m */ = {isa = PBXFileReference; fileEncoding = 4; lastKnownFileType = sourcecode.c.objc; path = "NSManagedObject+MagicalRecord.m"; sourceTree = "<group>"; };
		EA5F49341B8C4F85007AA0A2 /* NSManagedObject+MagicalRequests.h */ = {isa = PBXFileReference; fileEncoding = 4; lastKnownFileType = sourcecode.c.h; path = "NSManagedObject+MagicalRequests.h"; sourceTree = "<group>"; };
		EA5F49351B8C4F85007AA0A2 /* NSManagedObject+MagicalRequests.m */ = {isa = PBXFileReference; fileEncoding = 4; lastKnownFileType = sourcecode.c.objc; path = "NSManagedObject+MagicalRequests.m"; sourceTree = "<group>"; };
		EA5F49371B8C4F85007AA0A2 /* NSManagedObjectContext+MagicalObserving.h */ = {isa = PBXFileReference; fileEncoding = 4; lastKnownFileType = sourcecode.c.h; path = "NSManagedObjectContext+MagicalObserving.h"; sourceTree = "<group>"; };
		EA5F49381B8C4F85007AA0A2 /* NSManagedObjectContext+MagicalObserving.m */ = {isa = PBXFileReference; fileEncoding = 4; lastKnownFileType = sourcecode.c.objc; path = "NSManagedObjectContext+MagicalObserving.m"; sourceTree = "<group>"; };
		EA5F49391B8C4F85007AA0A2 /* NSManagedObjectContext+MagicalRecord.h */ = {isa = PBXFileReference; fileEncoding = 4; lastKnownFileType = sourcecode.c.h; path = "NSManagedObjectContext+MagicalRecord.h"; sourceTree = "<group>"; };
		EA5F493A1B8C4F85007AA0A2 /* NSManagedObjectContext+MagicalRecord.m */ = {isa = PBXFileReference; fileEncoding = 4; lastKnownFileType = sourcecode.c.objc; path = "NSManagedObjectContext+MagicalRecord.m"; sourceTree = "<group>"; };
		EA5F493B1B8C4F85007AA0A2 /* NSManagedObjectContext+MagicalSaves.h */ = {isa = PBXFileReference; fileEncoding = 4; lastKnownFileType = sourcecode.c.h; path = "NSManagedObjectContext+MagicalSaves.h"; sourceTree = "<group>"; };
		EA5F493C1B8C4F85007AA0A2 /* NSManagedObjectContext+MagicalSaves.m */ = {isa = PBXFileReference; fileEncoding = 4; lastKnownFileType = sourcecode.c.objc; path = "NSManagedObjectContext+MagicalSaves.m"; sourceTree = "<group>"; };
		EA5F493D1B8C4F85007AA0A2 /* NSManagedObjectContext+MagicalThreading.h */ = {isa = PBXFileReference; fileEncoding = 4; lastKnownFileType = sourcecode.c.h; path = "NSManagedObjectContext+MagicalThreading.h"; sourceTree = "<group>"; };
		EA5F493E1B8C4F85007AA0A2 /* NSManagedObjectContext+MagicalThreading.m */ = {isa = PBXFileReference; fileEncoding = 4; lastKnownFileType = sourcecode.c.objc; path = "NSManagedObjectContext+MagicalThreading.m"; sourceTree = "<group>"; };
		EA5F493F1B8C4F85007AA0A2 /* NSManagedObjectModel+MagicalRecord.h */ = {isa = PBXFileReference; fileEncoding = 4; lastKnownFileType = sourcecode.c.h; path = "NSManagedObjectModel+MagicalRecord.h"; sourceTree = "<group>"; };
		EA5F49401B8C4F85007AA0A2 /* NSManagedObjectModel+MagicalRecord.m */ = {isa = PBXFileReference; fileEncoding = 4; lastKnownFileType = sourcecode.c.objc; path = "NSManagedObjectModel+MagicalRecord.m"; sourceTree = "<group>"; };
		EA5F49411B8C4F85007AA0A2 /* NSPersistentStore+MagicalRecord.h */ = {isa = PBXFileReference; fileEncoding = 4; lastKnownFileType = sourcecode.c.h; path = "NSPersistentStore+MagicalRecord.h"; sourceTree = "<group>"; };
		EA5F49421B8C4F85007AA0A2 /* NSPersistentStore+MagicalRecord.m */ = {isa = PBXFileReference; fileEncoding = 4; lastKnownFileType = sourcecode.c.objc; path = "NSPersistentStore+MagicalRecord.m"; sourceTree = "<group>"; };
		EA5F49431B8C4F85007AA0A2 /* NSPersistentStoreCoordinator+MagicalRecord.h */ = {isa = PBXFileReference; fileEncoding = 4; lastKnownFileType = sourcecode.c.h; path = "NSPersistentStoreCoordinator+MagicalRecord.h"; sourceTree = "<group>"; };
		EA5F49441B8C4F85007AA0A2 /* NSPersistentStoreCoordinator+MagicalRecord.m */ = {isa = PBXFileReference; fileEncoding = 4; lastKnownFileType = sourcecode.c.objc; path = "NSPersistentStoreCoordinator+MagicalRecord.m"; sourceTree = "<group>"; };
		EA5F49461B8C4F85007AA0A2 /* MagicalRecord+Actions.h */ = {isa = PBXFileReference; fileEncoding = 4; lastKnownFileType = sourcecode.c.h; path = "MagicalRecord+Actions.h"; sourceTree = "<group>"; };
		EA5F49471B8C4F85007AA0A2 /* MagicalRecord+Actions.m */ = {isa = PBXFileReference; fileEncoding = 4; lastKnownFileType = sourcecode.c.objc; path = "MagicalRecord+Actions.m"; sourceTree = "<group>"; };
		EA5F49481B8C4F85007AA0A2 /* MagicalRecord+ErrorHandling.h */ = {isa = PBXFileReference; fileEncoding = 4; lastKnownFileType = sourcecode.c.h; path = "MagicalRecord+ErrorHandling.h"; sourceTree = "<group>"; };
		EA5F49491B8C4F85007AA0A2 /* MagicalRecord+ErrorHandling.m */ = {isa = PBXFileReference; fileEncoding = 4; lastKnownFileType = sourcecode.c.objc; path = "MagicalRecord+ErrorHandling.m"; sourceTree = "<group>"; };
		EA5F494A1B8C4F85007AA0A2 /* MagicalRecord+iCloud.h */ = {isa = PBXFileReference; fileEncoding = 4; lastKnownFileType = sourcecode.c.h; path = "MagicalRecord+iCloud.h"; sourceTree = "<group>"; };
		EA5F494B1B8C4F85007AA0A2 /* MagicalRecord+iCloud.m */ = {isa = PBXFileReference; fileEncoding = 4; lastKnownFileType = sourcecode.c.objc; path = "MagicalRecord+iCloud.m"; sourceTree = "<group>"; };
		EA5F494C1B8C4F85007AA0A2 /* MagicalRecord+Options.h */ = {isa = PBXFileReference; fileEncoding = 4; lastKnownFileType = sourcecode.c.h; path = "MagicalRecord+Options.h"; sourceTree = "<group>"; };
		EA5F494D1B8C4F85007AA0A2 /* MagicalRecord+Options.m */ = {isa = PBXFileReference; fileEncoding = 4; lastKnownFileType = sourcecode.c.objc; path = "MagicalRecord+Options.m"; sourceTree = "<group>"; };
		EA5F494E1B8C4F85007AA0A2 /* MagicalRecord+Setup.h */ = {isa = PBXFileReference; fileEncoding = 4; lastKnownFileType = sourcecode.c.h; path = "MagicalRecord+Setup.h"; sourceTree = "<group>"; };
		EA5F494F1B8C4F85007AA0A2 /* MagicalRecord+Setup.m */ = {isa = PBXFileReference; fileEncoding = 4; lastKnownFileType = sourcecode.c.objc; path = "MagicalRecord+Setup.m"; sourceTree = "<group>"; };
		EA5F49501B8C4F85007AA0A2 /* MagicalRecord+ShorthandSupport.h */ = {isa = PBXFileReference; fileEncoding = 4; lastKnownFileType = sourcecode.c.h; path = "MagicalRecord+ShorthandSupport.h"; sourceTree = "<group>"; };
		EA5F49511B8C4F85007AA0A2 /* MagicalRecord+ShorthandSupport.m */ = {isa = PBXFileReference; fileEncoding = 4; lastKnownFileType = sourcecode.c.objc; path = "MagicalRecord+ShorthandSupport.m"; sourceTree = "<group>"; };
		EA5F49521B8C4F85007AA0A2 /* MagicalRecord.h */ = {isa = PBXFileReference; fileEncoding = 4; lastKnownFileType = sourcecode.c.h; path = MagicalRecord.h; sourceTree = "<group>"; };
		EA5F49531B8C4F85007AA0A2 /* MagicalRecord.m */ = {isa = PBXFileReference; fileEncoding = 4; lastKnownFileType = sourcecode.c.objc; path = MagicalRecord.m; sourceTree = "<group>"; };
		EA5F49541B8C4F85007AA0A2 /* MagicalRecordShorthand.h */ = {isa = PBXFileReference; fileEncoding = 4; lastKnownFileType = sourcecode.c.h; path = MagicalRecordShorthand.h; sourceTree = "<group>"; };
		EA5F49551B8C4F85007AA0A2 /* CoreData+MagicalRecord.h */ = {isa = PBXFileReference; fileEncoding = 4; lastKnownFileType = sourcecode.c.h; path = "CoreData+MagicalRecord.h"; sourceTree = "<group>"; };
		EA69F5ED1BBBB7B8009D814B /* DDay_Detail_Storyboard.storyboard */ = {isa = PBXFileReference; fileEncoding = 4; lastKnownFileType = file.storyboard; path = DDay_Detail_Storyboard.storyboard; sourceTree = "<group>"; };
		EA69F5EF1BBBB7E7009D814B /* DDay_Detail_ViewController.swift */ = {isa = PBXFileReference; fileEncoding = 4; lastKnownFileType = sourcecode.swift; name = DDay_Detail_ViewController.swift; path = WaterEating_DDay/DDay_Detail_ViewController.swift; sourceTree = "<group>"; };
		EA972A7D1BBEE0DF00BB5559 /* Detail_TopInfo_TableViewCell.swift */ = {isa = PBXFileReference; fileEncoding = 4; lastKnownFileType = sourcecode.swift; name = Detail_TopInfo_TableViewCell.swift; path = WaterEating_DDay/Detail_TopInfo_TableViewCell.swift; sourceTree = "<group>"; };
		EADCF69F1BBEE40800A8382B /* Detail_RowInfo_TableViewCell.swift */ = {isa = PBXFileReference; fileEncoding = 4; lastKnownFileType = sourcecode.swift; name = Detail_RowInfo_TableViewCell.swift; path = WaterEating_DDay/Detail_RowInfo_TableViewCell.swift; sourceTree = "<group>"; };
		F85C5B6FB906DF692C1B9519 /* Pods-WaterEating_DDay.debug.xcconfig */ = {isa = PBXFileReference; includeInIndex = 1; lastKnownFileType = text.xcconfig; name = "Pods-WaterEating_DDay.debug.xcconfig"; path = "Pods/Target Support Files/Pods-WaterEating_DDay/Pods-WaterEating_DDay.debug.xcconfig"; sourceTree = "<group>"; };
/* End PBXFileReference section */

/* Begin PBXFrameworksBuildPhase section */
		DE06C6B11861780E004E28CD /* Frameworks */ = {
			isa = PBXFrameworksBuildPhase;
			buildActionMask = 2147483647;
			files = (
				DE06C6B51861780E004E28CD /* XCTest.framework in Frameworks */,
				DE06C6B71861780E004E28CD /* UIKit.framework in Frameworks */,
				DE06C6B61861780E004E28CD /* Foundation.framework in Frameworks */,
				4202AE51E5D5DF4D7013E6C2 /* libPods-WE_DDay Tests.a in Frameworks */,
			);
			runOnlyForDeploymentPostprocessing = 0;
		};
		DEDDB63A183DBD2900D78B84 /* Frameworks */ = {
			isa = PBXFrameworksBuildPhase;
			buildActionMask = 2147483647;
			files = (
				DE1E6B2518A0D16500B2C35E /* CoreTelephony.framework in Frameworks */,
				DE1E6B2318A0D16000B2C35E /* SystemConfiguration.framework in Frameworks */,
				DED0BB0318482AE500F7564F /* CoreData.framework in Frameworks */,
				DEDDB643183DBD2900D78B84 /* CoreGraphics.framework in Frameworks */,
				DEDDB645183DBD2900D78B84 /* UIKit.framework in Frameworks */,
				DEDDB641183DBD2900D78B84 /* Foundation.framework in Frameworks */,
				4BEF3B6F06C515CA19581880 /* libPods-WaterEating_DDay.a in Frameworks */,
			);
			runOnlyForDeploymentPostprocessing = 0;
		};
/* End PBXFrameworksBuildPhase section */

/* Begin PBXGroup section */
		75A6BADF2CEC18340AC1BA22 /* Pods */ = {
			isa = PBXGroup;
			children = (
				CCBD88C28D2D8E70BD271DB0 /* Pods-WE_DDay Tests.debug.xcconfig */,
				E5E37F3754425DF75F150C3A /* Pods-WE_DDay Tests.release.xcconfig */,
				F85C5B6FB906DF692C1B9519 /* Pods-WaterEating_DDay.debug.xcconfig */,
				55617194F840C2B2C79FAEB3 /* Pods-WaterEating_DDay.release.xcconfig */,
			);
			name = Pods;
			sourceTree = "<group>";
		};
		DE06C6B81861780E004E28CD /* WE_DDay Tests */ = {
			isa = PBXGroup;
			children = (
				DE06C6C8186179A7004E28CD /* Coredata_CRUD.m */,
				DE06C6C9186179A7004E28CD /* DateUtilsTests.m */,
				DE06C6CC186185B7004E28CD /* WE_DDay_Tests.m */,
				DE06C6B91861780E004E28CD /* Supporting Files */,
			);
			path = "WE_DDay Tests";
			sourceTree = "<group>";
		};
		DE06C6B91861780E004E28CD /* Supporting Files */ = {
			isa = PBXGroup;
			children = (
				DE06C6BA1861780E004E28CD /* WE_DDay Tests-Info.plist */,
				DE06C6BB1861780E004E28CD /* InfoPlist.strings */,
				DE06C6C01861780E004E28CD /* WE_DDay Tests-Prefix.pch */,
			);
			name = "Supporting Files";
			sourceTree = "<group>";
		};
		DE06C6CE18618FEE004E28CD /* icon */ = {
			isa = PBXGroup;
			children = (
				DEF8CED019F74ADD007735B5 /* WE_DDay_Icon_1024.png */,
				DEF2FD6118C5AEDF009C06F7 /* detail_edit.png */,
				DE06C6E718619452004E28CD /* WE_DDay_960.png */,
				DE06C6E818619452004E28CD /* WE_DDay_1136.png */,
				DE06C6DB18619274004E28CD /* Icon-60.png */,
				DE06C6DC18619274004E28CD /* Icon-Small.png */,
				DE06C6DD18619274004E28CD /* Icon-60@2x.png */,
				DE06C6DE18619274004E28CD /* Icon-Small@2x.png */,
				DE06C6DF18619274004E28CD /* Icon-Spotlight-40@2x.png */,
				DE06C6E018619274004E28CD /* Icon-Spotlight-40.png */,
			);
			name = icon;
			sourceTree = "<group>";
		};
		DE0E5549183E09B700A78CB7 /* images */ = {
			isa = PBXGroup;
			children = (
				DE90C8CB187D081B008AB905 /* menu_Icon */,
				DE06C6CE18618FEE004E28CD /* icon */,
				DE933B10186036A6006E0B1B /* alarm.png */,
				DE933B11186036A6006E0B1B /* noti.png */,
				DE0E554A183E09BE00A78CB7 /* background_test.png */,
			);
			name = images;
			sourceTree = "<group>";
		};
		DE90C8CB187D081B008AB905 /* menu_Icon */ = {
			isa = PBXGroup;
			children = (
				DEE05F0E189F245C00FF2BDC /* menu.png */,
				DE90C8CC187D081B008AB905 /* menu_dpuls.png */,
				DE90C8CD187D081B008AB905 /* menu_dpuls@2x.png */,
				DE90C8CE187D081B008AB905 /* menu_dpuls_alpha.png */,
				DE90C8CF187D081B008AB905 /* menu_dpuls_alpha@2x.png */,
				DE90C8D0187D081B008AB905 /* menu_minus.png */,
				DE90C8D1187D081B008AB905 /* menu_minus@2x.png */,
				DE90C8D2187D081B008AB905 /* menu_minus_alpha.png */,
				DE90C8D3187D081B008AB905 /* menu_minus_alpha@2x.png */,
				DE90C8D4187D081B008AB905 /* menu_year.png */,
				DE90C8D5187D081B008AB905 /* menu_year@2x.png */,
				DE90C8D6187D081B008AB905 /* menu_year_alpha.png */,
				DE90C8D7187D081B008AB905 /* menu_year_alpha@2x.png */,
				DE90C8D8187D081B008AB905 /* Thumbs.db */,
			);
			path = menu_Icon;
			sourceTree = "<group>";
		};
		DEA3CBC118473DF800034A4D /* Entities */ = {
			isa = PBXGroup;
			children = (
				DEA3CB64184735CE00034A4D /* Model.xcdatamodeld */,
				DE143114185ED3E5000E8937 /* EditDay.h */,
				DE143115185ED3E5000E8937 /* EditDay.m */,
			);
			name = Entities;
			sourceTree = "<group>";
		};
		DED0BB04184846C800F7564F /* Views */ = {
			isa = PBXGroup;
			children = (
				DE3A504E19F647C3000AB325 /* DDayViewController.swift */,
				EA69F5EF1BBBB7E7009D814B /* DDay_Detail_ViewController.swift */,
				EA972A7D1BBEE0DF00BB5559 /* Detail_TopInfo_TableViewCell.swift */,
				EADCF69F1BBEE40800A8382B /* Detail_RowInfo_TableViewCell.swift */,
				DEF2FD5D18C58AF5009C06F7 /* AddEditViewController.h */,
				DEF2FD5E18C58AF5009C06F7 /* AddEditViewController.m */,
				DE3A505219F64C4E000AB325 /* swift_Main.storyboard */,
				EA69F5ED1BBBB7B8009D814B /* DDay_Detail_Storyboard.storyboard */,
				DEF2FD5C18C58AF5009C06F7 /* AddEdit.storyboard */,
			);
			name = Views;
			path = ..;
			sourceTree = "<group>";
		};
		DED0BB05184846DF00F7564F /* Lib */ = {
			isa = PBXGroup;
			children = (
				EA5F491A1B8C4F85007AA0A2 /* MagicalRecord */,
			);
			name = Lib;
			sourceTree = "<group>";
		};
		DED0BB06184847A100F7564F /* Utils */ = {
			isa = PBXGroup;
			children = (
				DED48ED6185FD8C500ECA59B /* AlertViewCreate.h */,
				DED48ED5185FD8C500ECA59B /* AlertViewCreate.m */,
				DED0BB07184848A400F7564F /* Date+Calendar.h */,
				DED0BB08184848A400F7564F /* Date+Calendar.m */,
				DE143119185EF6D2000E8937 /* Date+Conversion.h */,
				DE14311A185EF6D2000E8937 /* Date+Conversion.m */,
				DED48ED8185FDEE000ECA59B /* Entity+init.h */,
				DED48ED9185FDEE000ECA59B /* Entity+init.m */,
			);
			name = Utils;
			sourceTree = "<group>";
		};
		DEDDB634183DBD2800D78B84 = {
			isa = PBXGroup;
			children = (
				DEDDB646183DBD2900D78B84 /* WaterEating_DDay */,
				DE06C6B81861780E004E28CD /* WE_DDay Tests */,
				DEDDB63F183DBD2900D78B84 /* Frameworks */,
				DEDDB63E183DBD2900D78B84 /* Products */,
				75A6BADF2CEC18340AC1BA22 /* Pods */,
			);
			sourceTree = "<group>";
		};
		DEDDB63E183DBD2900D78B84 /* Products */ = {
			isa = PBXGroup;
			children = (
				DEDDB63D183DBD2900D78B84 /* 물먹고 디데이.app */,
				DE06C6B41861780E004E28CD /* WE_DDay Tests.xctest */,
			);
			name = Products;
			sourceTree = "<group>";
		};
		DEDDB63F183DBD2900D78B84 /* Frameworks */ = {
			isa = PBXGroup;
			children = (
				DE1E6B2418A0D16500B2C35E /* CoreTelephony.framework */,
				DE1E6B2218A0D16000B2C35E /* SystemConfiguration.framework */,
				DED0BB0218482AE500F7564F /* CoreData.framework */,
				DEDDB640183DBD2900D78B84 /* Foundation.framework */,
				DEDDB642183DBD2900D78B84 /* CoreGraphics.framework */,
				DEDDB644183DBD2900D78B84 /* UIKit.framework */,
				DEDDB65F183DBD2900D78B84 /* XCTest.framework */,
				4BDFD913700D0B7D28813364 /* libPods-WE_DDay Tests.a */,
				5192C9ACB2386C69F8D9C737 /* libPods-WaterEating_DDay.a */,
			);
			name = Frameworks;
			sourceTree = "<group>";
		};
		DEDDB646183DBD2900D78B84 /* WaterEating_DDay */ = {
			isa = PBXGroup;
			children = (
				DED0BB06184847A100F7564F /* Utils */,
				DEECA31E183F351C0068ABAD /* AppDelegate */,
				DEA3CBC118473DF800034A4D /* Entities */,
				DED0BB05184846DF00F7564F /* Lib */,
				DED0BB04184846C800F7564F /* Views */,
				DEDDB658183DBD2900D78B84 /* Images.xcassets */,
				DEDDB647183DBD2900D78B84 /* Supporting Files */,
			);
			path = WaterEating_DDay;
			sourceTree = "<group>";
		};
		DEDDB647183DBD2900D78B84 /* Supporting Files */ = {
			isa = PBXGroup;
			children = (
				DE3A504D19F647C2000AB325 /* WaterEating_DDay-Bridging-Header.h */,
				DE0E5549183E09B700A78CB7 /* images */,
				DEDDB648183DBD2900D78B84 /* WaterEating_DDay-Info.plist */,
				DEDDB649183DBD2900D78B84 /* InfoPlist.strings */,
				DEDDB64C183DBD2900D78B84 /* main.m */,
				DEDDB64E183DBD2900D78B84 /* WaterEating_DDay-Prefix.pch */,
			);
			name = "Supporting Files";
			sourceTree = "<group>";
		};
		DEECA31E183F351C0068ABAD /* AppDelegate */ = {
			isa = PBXGroup;
			children = (
				DEDDB64F183DBD2900D78B84 /* WE_DDayAppDelegate.h */,
				DEDDB650183DBD2900D78B84 /* WE_DDayAppDelegate.m */,
			);
			name = AppDelegate;
			sourceTree = "<group>";
		};
		EA5F491A1B8C4F85007AA0A2 /* MagicalRecord */ = {
			isa = PBXGroup;
			children = (
				EA5F491B1B8C4F85007AA0A2 /* Categories */,
				EA5F49451B8C4F85007AA0A2 /* Core */,
				EA5F49551B8C4F85007AA0A2 /* CoreData+MagicalRecord.h */,
			);
			name = MagicalRecord;
			path = Lib/MagicalRecord;
			sourceTree = SOURCE_ROOT;
		};
		EA5F491B1B8C4F85007AA0A2 /* Categories */ = {
			isa = PBXGroup;
			children = (
				EA5F491C1B8C4F85007AA0A2 /* DataImport */,
				EA5F492B1B8C4F85007AA0A2 /* NSManagedObject */,
				EA5F49361B8C4F85007AA0A2 /* NSManagedObjectContext */,
				EA5F493F1B8C4F85007AA0A2 /* NSManagedObjectModel+MagicalRecord.h */,
				EA5F49401B8C4F85007AA0A2 /* NSManagedObjectModel+MagicalRecord.m */,
				EA5F49411B8C4F85007AA0A2 /* NSPersistentStore+MagicalRecord.h */,
				EA5F49421B8C4F85007AA0A2 /* NSPersistentStore+MagicalRecord.m */,
				EA5F49431B8C4F85007AA0A2 /* NSPersistentStoreCoordinator+MagicalRecord.h */,
				EA5F49441B8C4F85007AA0A2 /* NSPersistentStoreCoordinator+MagicalRecord.m */,
			);
			path = Categories;
			sourceTree = "<group>";
		};
		EA5F491C1B8C4F85007AA0A2 /* DataImport */ = {
			isa = PBXGroup;
			children = (
				EA5F491D1B8C4F85007AA0A2 /* MagicalImportFunctions.h */,
				EA5F491E1B8C4F85007AA0A2 /* MagicalImportFunctions.m */,
				EA5F491F1B8C4F85007AA0A2 /* NSAttributeDescription+MagicalDataImport.h */,
				EA5F49201B8C4F85007AA0A2 /* NSAttributeDescription+MagicalDataImport.m */,
				EA5F49211B8C4F85007AA0A2 /* NSEntityDescription+MagicalDataImport.h */,
				EA5F49221B8C4F85007AA0A2 /* NSEntityDescription+MagicalDataImport.m */,
				EA5F49231B8C4F85007AA0A2 /* NSNumber+MagicalDataImport.h */,
				EA5F49241B8C4F85007AA0A2 /* NSNumber+MagicalDataImport.m */,
				EA5F49251B8C4F85007AA0A2 /* NSObject+MagicalDataImport.h */,
				EA5F49261B8C4F85007AA0A2 /* NSObject+MagicalDataImport.m */,
				EA5F49271B8C4F85007AA0A2 /* NSRelationshipDescription+MagicalDataImport.h */,
				EA5F49281B8C4F85007AA0A2 /* NSRelationshipDescription+MagicalDataImport.m */,
				EA5F49291B8C4F85007AA0A2 /* NSString+MagicalDataImport.h */,
				EA5F492A1B8C4F85007AA0A2 /* NSString+MagicalDataImport.m */,
			);
			path = DataImport;
			sourceTree = "<group>";
		};
		EA5F492B1B8C4F85007AA0A2 /* NSManagedObject */ = {
			isa = PBXGroup;
			children = (
				EA5F492C1B8C4F85007AA0A2 /* NSManagedObject+MagicalAggregation.h */,
				EA5F492D1B8C4F85007AA0A2 /* NSManagedObject+MagicalAggregation.m */,
				EA5F492E1B8C4F85007AA0A2 /* NSManagedObject+MagicalDataImport.h */,
				EA5F492F1B8C4F85007AA0A2 /* NSManagedObject+MagicalDataImport.m */,
				EA5F49301B8C4F85007AA0A2 /* NSManagedObject+MagicalFinders.h */,
				EA5F49311B8C4F85007AA0A2 /* NSManagedObject+MagicalFinders.m */,
				EA5F49321B8C4F85007AA0A2 /* NSManagedObject+MagicalRecord.h */,
				EA5F49331B8C4F85007AA0A2 /* NSManagedObject+MagicalRecord.m */,
				EA5F49341B8C4F85007AA0A2 /* NSManagedObject+MagicalRequests.h */,
				EA5F49351B8C4F85007AA0A2 /* NSManagedObject+MagicalRequests.m */,
			);
			path = NSManagedObject;
			sourceTree = "<group>";
		};
		EA5F49361B8C4F85007AA0A2 /* NSManagedObjectContext */ = {
			isa = PBXGroup;
			children = (
				EA5F49371B8C4F85007AA0A2 /* NSManagedObjectContext+MagicalObserving.h */,
				EA5F49381B8C4F85007AA0A2 /* NSManagedObjectContext+MagicalObserving.m */,
				EA5F49391B8C4F85007AA0A2 /* NSManagedObjectContext+MagicalRecord.h */,
				EA5F493A1B8C4F85007AA0A2 /* NSManagedObjectContext+MagicalRecord.m */,
				EA5F493B1B8C4F85007AA0A2 /* NSManagedObjectContext+MagicalSaves.h */,
				EA5F493C1B8C4F85007AA0A2 /* NSManagedObjectContext+MagicalSaves.m */,
				EA5F493D1B8C4F85007AA0A2 /* NSManagedObjectContext+MagicalThreading.h */,
				EA5F493E1B8C4F85007AA0A2 /* NSManagedObjectContext+MagicalThreading.m */,
			);
			path = NSManagedObjectContext;
			sourceTree = "<group>";
		};
		EA5F49451B8C4F85007AA0A2 /* Core */ = {
			isa = PBXGroup;
			children = (
				EA5F49461B8C4F85007AA0A2 /* MagicalRecord+Actions.h */,
				EA5F49471B8C4F85007AA0A2 /* MagicalRecord+Actions.m */,
				EA5F49481B8C4F85007AA0A2 /* MagicalRecord+ErrorHandling.h */,
				EA5F49491B8C4F85007AA0A2 /* MagicalRecord+ErrorHandling.m */,
				EA5F494A1B8C4F85007AA0A2 /* MagicalRecord+iCloud.h */,
				EA5F494B1B8C4F85007AA0A2 /* MagicalRecord+iCloud.m */,
				EA5F494C1B8C4F85007AA0A2 /* MagicalRecord+Options.h */,
				EA5F494D1B8C4F85007AA0A2 /* MagicalRecord+Options.m */,
				EA5F494E1B8C4F85007AA0A2 /* MagicalRecord+Setup.h */,
				EA5F494F1B8C4F85007AA0A2 /* MagicalRecord+Setup.m */,
				EA5F49501B8C4F85007AA0A2 /* MagicalRecord+ShorthandSupport.h */,
				EA5F49511B8C4F85007AA0A2 /* MagicalRecord+ShorthandSupport.m */,
				EA5F49521B8C4F85007AA0A2 /* MagicalRecord.h */,
				EA5F49531B8C4F85007AA0A2 /* MagicalRecord.m */,
				EA5F49541B8C4F85007AA0A2 /* MagicalRecordShorthand.h */,
			);
			path = Core;
			sourceTree = "<group>";
		};
/* End PBXGroup section */

/* Begin PBXNativeTarget section */
		DE06C6B31861780E004E28CD /* WE_DDay Tests */ = {
			isa = PBXNativeTarget;
			buildConfigurationList = DE06C6C31861780E004E28CD /* Build configuration list for PBXNativeTarget "WE_DDay Tests" */;
			buildPhases = (
				CBC35F00CED5BB1528D6DCE1 /* Check Pods Manifest.lock */,
				DE06C6B01861780E004E28CD /* Sources */,
				DE06C6B11861780E004E28CD /* Frameworks */,
				DE06C6B21861780E004E28CD /* Resources */,
				F107724564C11FECDD331692 /* Copy Pods Resources */,
			);
			buildRules = (
			);
			dependencies = (
				DE06C6C21861780E004E28CD /* PBXTargetDependency */,
			);
			name = "WE_DDay Tests";
			productName = "WE_DDay Tests";
			productReference = DE06C6B41861780E004E28CD /* WE_DDay Tests.xctest */;
			productType = "com.apple.product-type.bundle.unit-test";
		};
		DEDDB63C183DBD2900D78B84 /* WaterEating_DDay */ = {
			isa = PBXNativeTarget;
			buildConfigurationList = DEDDB66F183DBD2900D78B84 /* Build configuration list for PBXNativeTarget "WaterEating_DDay" */;
			buildPhases = (
				01BBA03A5AC984845CC4066B /* Check Pods Manifest.lock */,
				DEDDB639183DBD2900D78B84 /* Sources */,
				DEDDB63A183DBD2900D78B84 /* Frameworks */,
				DEDDB63B183DBD2900D78B84 /* Resources */,
				100024C6DE173459F22FC699 /* Copy Pods Resources */,
			);
			buildRules = (
			);
			dependencies = (
			);
			name = WaterEating_DDay;
			productName = WaterEating_DDay;
			productReference = DEDDB63D183DBD2900D78B84 /* 물먹고 디데이.app */;
			productType = "com.apple.product-type.application";
		};
/* End PBXNativeTarget section */

/* Begin PBXProject section */
		DEDDB635183DBD2800D78B84 /* Project object */ = {
			isa = PBXProject;
			attributes = {
				CLASSPREFIX = WE_DDay;
				LastSwiftMigration = 0700;
				LastSwiftUpdateCheck = 0700;
				LastUpgradeCheck = 0610;
				ORGANIZATIONNAME = KimJiWook;
				TargetAttributes = {
					DE06C6B31861780E004E28CD = {
						TestTargetID = DEDDB63C183DBD2900D78B84;
					};
					DEDDB63C183DBD2900D78B84 = {
						DevelopmentTeam = 3HTS687964;
						SystemCapabilities = {
							com.apple.BackgroundModes = {
								enabled = 0;
							};
						};
					};
				};
			};
			buildConfigurationList = DEDDB638183DBD2800D78B84 /* Build configuration list for PBXProject "WaterEating_DDay" */;
			compatibilityVersion = "Xcode 3.2";
			developmentRegion = English;
			hasScannedForEncodings = 0;
			knownRegions = (
				en,
				Base,
			);
			mainGroup = DEDDB634183DBD2800D78B84;
			productRefGroup = DEDDB63E183DBD2900D78B84 /* Products */;
			projectDirPath = "";
			projectRoot = "";
			targets = (
				DEDDB63C183DBD2900D78B84 /* WaterEating_DDay */,
				DE06C6B31861780E004E28CD /* WE_DDay Tests */,
			);
		};
/* End PBXProject section */

/* Begin PBXResourcesBuildPhase section */
		DE06C6B21861780E004E28CD /* Resources */ = {
			isa = PBXResourcesBuildPhase;
			buildActionMask = 2147483647;
			files = (
				DE06C6BD1861780E004E28CD /* InfoPlist.strings in Resources */,
			);
			runOnlyForDeploymentPostprocessing = 0;
		};
		DEDDB63B183DBD2900D78B84 /* Resources */ = {
			isa = PBXResourcesBuildPhase;
			buildActionMask = 2147483647;
			files = (
				DEF8CED119F74ADD007735B5 /* WE_DDay_Icon_1024.png in Resources */,
				DEE05F0F189F245C00FF2BDC /* menu.png in Resources */,
				DE90C8E5187D081B008AB905 /* Thumbs.db in Resources */,
				DE90C8E2187D081B008AB905 /* menu_year@2x.png in Resources */,
				DE933B13186036A7006E0B1B /* noti.png in Resources */,
				DE90C8DB187D081B008AB905 /* menu_dpuls_alpha.png in Resources */,
				DE90C8DE187D081B008AB905 /* menu_minus@2x.png in Resources */,
				DEDDB659183DBD2900D78B84 /* Images.xcassets in Resources */,
				DE06C6E318619274004E28CD /* Icon-60@2x.png in Resources */,
				DE0E554B183E09BE00A78CB7 /* background_test.png in Resources */,
				DE90C8DA187D081B008AB905 /* menu_dpuls@2x.png in Resources */,
				DE90C8E3187D081B008AB905 /* menu_year_alpha.png in Resources */,
				DE06C6EA18619452004E28CD /* WE_DDay_1136.png in Resources */,
				DEDDB64B183DBD2900D78B84 /* InfoPlist.strings in Resources */,
				DEF2FD6218C5AEDF009C06F7 /* detail_edit.png in Resources */,
				DE90C8E1187D081B008AB905 /* menu_year.png in Resources */,
				DE90C8DC187D081B008AB905 /* menu_dpuls_alpha@2x.png in Resources */,
				DE90C8DF187D081B008AB905 /* menu_minus_alpha.png in Resources */,
				DE06C6E518619274004E28CD /* Icon-Spotlight-40@2x.png in Resources */,
				DE90C8D9187D081B008AB905 /* menu_dpuls.png in Resources */,
				DE90C8DD187D081B008AB905 /* menu_minus.png in Resources */,
				DE90C8E4187D081B008AB905 /* menu_year_alpha@2x.png in Resources */,
				DE06C6E218619274004E28CD /* Icon-Small.png in Resources */,
				DE06C6E618619274004E28CD /* Icon-Spotlight-40.png in Resources */,
				DE933B12186036A7006E0B1B /* alarm.png in Resources */,
				DE90C8E0187D081B008AB905 /* menu_minus_alpha@2x.png in Resources */,
				EA69F5EE1BBBB7B8009D814B /* DDay_Detail_Storyboard.storyboard in Resources */,
				DE06C6E118619274004E28CD /* Icon-60.png in Resources */,
				DEF2FD5F18C58AF5009C06F7 /* AddEdit.storyboard in Resources */,
				DE06C6E418619274004E28CD /* Icon-Small@2x.png in Resources */,
				DE3A505319F64C4E000AB325 /* swift_Main.storyboard in Resources */,
				DE06C6E918619452004E28CD /* WE_DDay_960.png in Resources */,
			);
			runOnlyForDeploymentPostprocessing = 0;
		};
/* End PBXResourcesBuildPhase section */

/* Begin PBXShellScriptBuildPhase section */
		01BBA03A5AC984845CC4066B /* Check Pods Manifest.lock */ = {
			isa = PBXShellScriptBuildPhase;
			buildActionMask = 2147483647;
			files = (
			);
			inputPaths = (
			);
			name = "Check Pods Manifest.lock";
			outputPaths = (
			);
			runOnlyForDeploymentPostprocessing = 0;
			shellPath = /bin/sh;
			shellScript = "diff \"${PODS_ROOT}/../Podfile.lock\" \"${PODS_ROOT}/Manifest.lock\" > /dev/null\nif [[ $? != 0 ]] ; then\n    cat << EOM\nerror: The sandbox is not in sync with the Podfile.lock. Run 'pod install' or update your CocoaPods installation.\nEOM\n    exit 1\nfi\n";
			showEnvVarsInLog = 0;
		};
		100024C6DE173459F22FC699 /* Copy Pods Resources */ = {
			isa = PBXShellScriptBuildPhase;
			buildActionMask = 2147483647;
			files = (
			);
			inputPaths = (
			);
			name = "Copy Pods Resources";
			outputPaths = (
			);
			runOnlyForDeploymentPostprocessing = 0;
			shellPath = /bin/sh;
			shellScript = "\"${SRCROOT}/Pods/Target Support Files/Pods-WaterEating_DDay/Pods-WaterEating_DDay-resources.sh\"\n";
			showEnvVarsInLog = 0;
		};
		CBC35F00CED5BB1528D6DCE1 /* Check Pods Manifest.lock */ = {
			isa = PBXShellScriptBuildPhase;
			buildActionMask = 2147483647;
			files = (
			);
			inputPaths = (
			);
			name = "Check Pods Manifest.lock";
			outputPaths = (
			);
			runOnlyForDeploymentPostprocessing = 0;
			shellPath = /bin/sh;
			shellScript = "diff \"${PODS_ROOT}/../Podfile.lock\" \"${PODS_ROOT}/Manifest.lock\" > /dev/null\nif [[ $? != 0 ]] ; then\n    cat << EOM\nerror: The sandbox is not in sync with the Podfile.lock. Run 'pod install' or update your CocoaPods installation.\nEOM\n    exit 1\nfi\n";
			showEnvVarsInLog = 0;
		};
		F107724564C11FECDD331692 /* Copy Pods Resources */ = {
			isa = PBXShellScriptBuildPhase;
			buildActionMask = 2147483647;
			files = (
			);
			inputPaths = (
			);
			name = "Copy Pods Resources";
			outputPaths = (
			);
			runOnlyForDeploymentPostprocessing = 0;
			shellPath = /bin/sh;
			shellScript = "\"${SRCROOT}/Pods/Target Support Files/Pods-WE_DDay Tests/Pods-WE_DDay Tests-resources.sh\"\n";
			showEnvVarsInLog = 0;
		};
/* End PBXShellScriptBuildPhase section */

/* Begin PBXSourcesBuildPhase section */
		DE06C6B01861780E004E28CD /* Sources */ = {
			isa = PBXSourcesBuildPhase;
			buildActionMask = 2147483647;
			files = (
				DE06C6CD186185B7004E28CD /* WE_DDay_Tests.m in Sources */,
				DE06C6CA186179A7004E28CD /* Coredata_CRUD.m in Sources */,
				DE06C6CB186179A7004E28CD /* DateUtilsTests.m in Sources */,
			);
			runOnlyForDeploymentPostprocessing = 0;
		};
		DEDDB639183DBD2900D78B84 /* Sources */ = {
			isa = PBXSourcesBuildPhase;
			buildActionMask = 2147483647;
			files = (
				DEDDB651183DBD2900D78B84 /* WE_DDayAppDelegate.m in Sources */,
				DEDDB64D183DBD2900D78B84 /* main.m in Sources */,
				EA972A7E1BBEE0DF00BB5559 /* Detail_TopInfo_TableViewCell.swift in Sources */,
				EADCF6A01BBEE40800A8382B /* Detail_RowInfo_TableViewCell.swift in Sources */,
				EA5F496C1B8C4F85007AA0A2 /* MagicalRecord+Options.m in Sources */,
				EA5F49681B8C4F85007AA0A2 /* NSPersistentStoreCoordinator+MagicalRecord.m in Sources */,
				EA5F49581B8C4F85007AA0A2 /* NSEntityDescription+MagicalDataImport.m in Sources */,
				DEF2FD6018C58AF5009C06F7 /* AddEditViewController.m in Sources */,
				DED48EDA185FDEE000ECA59B /* Entity+init.m in Sources */,
				EA5F495C1B8C4F85007AA0A2 /* NSString+MagicalDataImport.m in Sources */,
				EA5F495A1B8C4F85007AA0A2 /* NSObject+MagicalDataImport.m in Sources */,
				EA5F496D1B8C4F85007AA0A2 /* MagicalRecord+Setup.m in Sources */,
				EA5F495F1B8C4F85007AA0A2 /* NSManagedObject+MagicalFinders.m in Sources */,
				DE3A504F19F647C3000AB325 /* DDayViewController.swift in Sources */,
				EA5F49671B8C4F85007AA0A2 /* NSPersistentStore+MagicalRecord.m in Sources */,
				EA5F496F1B8C4F85007AA0A2 /* MagicalRecord.m in Sources */,
				DEA3CB66184735CE00034A4D /* Model.xcdatamodeld in Sources */,
				DED48ED7185FD8C500ECA59B /* AlertViewCreate.m in Sources */,
				EA5F49611B8C4F85007AA0A2 /* NSManagedObject+MagicalRequests.m in Sources */,
				DE143116185ED3E5000E8937 /* EditDay.m in Sources */,
				EA5F49651B8C4F85007AA0A2 /* NSManagedObjectContext+MagicalThreading.m in Sources */,
				EA5F49691B8C4F85007AA0A2 /* MagicalRecord+Actions.m in Sources */,
				EA5F496E1B8C4F85007AA0A2 /* MagicalRecord+ShorthandSupport.m in Sources */,
				EA5F49661B8C4F85007AA0A2 /* NSManagedObjectModel+MagicalRecord.m in Sources */,
				DED0BB09184848A400F7564F /* Date+Calendar.m in Sources */,
				EA5F495E1B8C4F85007AA0A2 /* NSManagedObject+MagicalDataImport.m in Sources */,
				EA5F496A1B8C4F85007AA0A2 /* MagicalRecord+ErrorHandling.m in Sources */,
				EA5F49601B8C4F85007AA0A2 /* NSManagedObject+MagicalRecord.m in Sources */,
				EA5F49641B8C4F85007AA0A2 /* NSManagedObjectContext+MagicalSaves.m in Sources */,
				EA5F49591B8C4F85007AA0A2 /* NSNumber+MagicalDataImport.m in Sources */,
				EA5F49621B8C4F85007AA0A2 /* NSManagedObjectContext+MagicalObserving.m in Sources */,
				EA5F496B1B8C4F85007AA0A2 /* MagicalRecord+iCloud.m in Sources */,
				EA5F495D1B8C4F85007AA0A2 /* NSManagedObject+MagicalAggregation.m in Sources */,
				EA5F49561B8C4F85007AA0A2 /* MagicalImportFunctions.m in Sources */,
				EA69F5F01BBBB7E7009D814B /* DDay_Detail_ViewController.swift in Sources */,
				EA5F49571B8C4F85007AA0A2 /* NSAttributeDescription+MagicalDataImport.m in Sources */,
				EA5F495B1B8C4F85007AA0A2 /* NSRelationshipDescription+MagicalDataImport.m in Sources */,
				EA5F49631B8C4F85007AA0A2 /* NSManagedObjectContext+MagicalRecord.m in Sources */,
				DE14311B185EF6D2000E8937 /* Date+Conversion.m in Sources */,
			);
			runOnlyForDeploymentPostprocessing = 0;
		};
/* End PBXSourcesBuildPhase section */

/* Begin PBXTargetDependency section */
		DE06C6C21861780E004E28CD /* PBXTargetDependency */ = {
			isa = PBXTargetDependency;
			target = DEDDB63C183DBD2900D78B84 /* WaterEating_DDay */;
			targetProxy = DE06C6C11861780E004E28CD /* PBXContainerItemProxy */;
		};
/* End PBXTargetDependency section */

/* Begin PBXVariantGroup section */
		DE06C6BB1861780E004E28CD /* InfoPlist.strings */ = {
			isa = PBXVariantGroup;
			children = (
				DE06C6BC1861780E004E28CD /* en */,
			);
			name = InfoPlist.strings;
			sourceTree = "<group>";
		};
		DEDDB649183DBD2900D78B84 /* InfoPlist.strings */ = {
			isa = PBXVariantGroup;
			children = (
				DEDDB64A183DBD2900D78B84 /* en */,
			);
			name = InfoPlist.strings;
			sourceTree = "<group>";
		};
/* End PBXVariantGroup section */

/* Begin XCBuildConfiguration section */
		DE06C6C41861780E004E28CD /* Debug */ = {
			isa = XCBuildConfiguration;
			baseConfigurationReference = CCBD88C28D2D8E70BD271DB0 /* Pods-WE_DDay Tests.debug.xcconfig */;
			buildSettings = {
				BUNDLE_LOADER = "$(BUILT_PRODUCTS_DIR)/물먹고 디데이.app/물먹고 디데이";
				FRAMEWORK_SEARCH_PATHS = (
					"$(SDKROOT)/Developer/Library/Frameworks",
					"$(inherited)",
					"$(DEVELOPER_FRAMEWORKS_DIR)",
				);
				GCC_PRECOMPILE_PREFIX_HEADER = YES;
				GCC_PREFIX_HEADER = "WE_DDay Tests/WE_DDay Tests-Prefix.pch";
				GCC_PREPROCESSOR_DEFINITIONS = (
					"DEBUG=1",
					"$(inherited)",
				);
				INFOPLIST_FILE = "WE_DDay Tests/WE_DDay Tests-Info.plist";
				PRODUCT_NAME = "$(TARGET_NAME)";
				TEST_HOST = "$(BUNDLE_LOADER)";
				WRAPPER_EXTENSION = xctest;
			};
			name = Debug;
		};
		DE06C6C51861780E004E28CD /* Release */ = {
			isa = XCBuildConfiguration;
			baseConfigurationReference = E5E37F3754425DF75F150C3A /* Pods-WE_DDay Tests.release.xcconfig */;
			buildSettings = {
				BUNDLE_LOADER = "$(BUILT_PRODUCTS_DIR)/물먹고 디데이.app/물먹고 디데이";
				FRAMEWORK_SEARCH_PATHS = (
					"$(SDKROOT)/Developer/Library/Frameworks",
					"$(inherited)",
					"$(DEVELOPER_FRAMEWORKS_DIR)",
				);
				GCC_PRECOMPILE_PREFIX_HEADER = YES;
				GCC_PREFIX_HEADER = "WE_DDay Tests/WE_DDay Tests-Prefix.pch";
				INFOPLIST_FILE = "WE_DDay Tests/WE_DDay Tests-Info.plist";
				PRODUCT_NAME = "$(TARGET_NAME)";
				TEST_HOST = "$(BUNDLE_LOADER)";
				WRAPPER_EXTENSION = xctest;
			};
			name = Release;
		};
		DEDDB66D183DBD2900D78B84 /* Debug */ = {
			isa = XCBuildConfiguration;
			buildSettings = {
				ALWAYS_SEARCH_USER_PATHS = NO;
				CLANG_CXX_LANGUAGE_STANDARD = "gnu++0x";
				CLANG_CXX_LIBRARY = "libc++";
				CLANG_ENABLE_MODULES = YES;
				CLANG_ENABLE_OBJC_ARC = YES;
				CLANG_WARN_BOOL_CONVERSION = YES;
				CLANG_WARN_CONSTANT_CONVERSION = YES;
				CLANG_WARN_DIRECT_OBJC_ISA_USAGE = YES_ERROR;
				CLANG_WARN_EMPTY_BODY = YES;
				CLANG_WARN_ENUM_CONVERSION = YES;
				CLANG_WARN_INT_CONVERSION = YES;
				CLANG_WARN_OBJC_ROOT_CLASS = YES_ERROR;
				CLANG_WARN__DUPLICATE_METHOD_MATCH = YES;
				"CODE_SIGN_IDENTITY[sdk=iphoneos*]" = "iPhone Developer";
				COPY_PHASE_STRIP = NO;
				GCC_C_LANGUAGE_STANDARD = gnu99;
				GCC_DYNAMIC_NO_PIC = NO;
				GCC_OPTIMIZATION_LEVEL = 0;
				GCC_PREPROCESSOR_DEFINITIONS = (
					"DEBUG=1",
					"$(inherited)",
				);
				GCC_SYMBOLS_PRIVATE_EXTERN = NO;
				GCC_WARN_64_TO_32_BIT_CONVERSION = YES;
				GCC_WARN_ABOUT_RETURN_TYPE = YES_ERROR;
				GCC_WARN_UNDECLARED_SELECTOR = YES;
				GCC_WARN_UNINITIALIZED_AUTOS = YES;
				GCC_WARN_UNUSED_FUNCTION = YES;
				GCC_WARN_UNUSED_VARIABLE = YES;
				IPHONEOS_DEPLOYMENT_TARGET = 8.0;
				ONLY_ACTIVE_ARCH = YES;
				SDKROOT = iphoneos;
			};
			name = Debug;
		};
		DEDDB66E183DBD2900D78B84 /* Release */ = {
			isa = XCBuildConfiguration;
			buildSettings = {
				ALWAYS_SEARCH_USER_PATHS = NO;
				CLANG_CXX_LANGUAGE_STANDARD = "gnu++0x";
				CLANG_CXX_LIBRARY = "libc++";
				CLANG_ENABLE_MODULES = YES;
				CLANG_ENABLE_OBJC_ARC = YES;
				CLANG_WARN_BOOL_CONVERSION = YES;
				CLANG_WARN_CONSTANT_CONVERSION = YES;
				CLANG_WARN_DIRECT_OBJC_ISA_USAGE = YES_ERROR;
				CLANG_WARN_EMPTY_BODY = YES;
				CLANG_WARN_ENUM_CONVERSION = YES;
				CLANG_WARN_INT_CONVERSION = YES;
				CLANG_WARN_OBJC_ROOT_CLASS = YES_ERROR;
				CLANG_WARN__DUPLICATE_METHOD_MATCH = YES;
				"CODE_SIGN_IDENTITY[sdk=iphoneos*]" = "iPhone Distribution";
				COPY_PHASE_STRIP = YES;
				ENABLE_NS_ASSERTIONS = NO;
				GCC_C_LANGUAGE_STANDARD = gnu99;
				GCC_WARN_64_TO_32_BIT_CONVERSION = YES;
				GCC_WARN_ABOUT_RETURN_TYPE = YES_ERROR;
				GCC_WARN_UNDECLARED_SELECTOR = YES;
				GCC_WARN_UNINITIALIZED_AUTOS = YES;
				GCC_WARN_UNUSED_FUNCTION = YES;
				GCC_WARN_UNUSED_VARIABLE = YES;
				IPHONEOS_DEPLOYMENT_TARGET = 8.0;
				SDKROOT = iphoneos;
				VALIDATE_PRODUCT = YES;
			};
			name = Release;
		};
		DEDDB670183DBD2900D78B84 /* Debug */ = {
			isa = XCBuildConfiguration;
			baseConfigurationReference = F85C5B6FB906DF692C1B9519 /* Pods-WaterEating_DDay.debug.xcconfig */;
			buildSettings = {
				ASSETCATALOG_COMPILER_APPICON_NAME = AppIcon;
				ASSETCATALOG_COMPILER_LAUNCHIMAGE_NAME = LaunchImage;
				CLANG_ENABLE_MODULES = YES;
				CODE_SIGN_IDENTITY = "iPhone Developer";
				"CODE_SIGN_IDENTITY[sdk=iphoneos*]" = "iPhone Developer";
				ENABLE_BITCODE = NO;
				GCC_PRECOMPILE_PREFIX_HEADER = YES;
				GCC_PREFIX_HEADER = "WaterEating_DDay/WaterEating_DDay-Prefix.pch";
				INFOPLIST_FILE = "WaterEating_DDay/WaterEating_DDay-Info.plist";
				LD_RUNPATH_SEARCH_PATHS = "$(inherited) @executable_path/Frameworks";
				LIBRARY_SEARCH_PATHS = (
					"$(inherited)",
					"${SOURCE_ROOT}/Lib/NaverAdpost",
				);
				PRODUCT_NAME = "물먹고 디데이";
				PROVISIONING_PROFILE = "";
				SWIFT_OBJC_BRIDGING_HEADER = "WaterEating_DDay/WaterEating_DDay-Bridging-Header.h";
				SWIFT_OPTIMIZATION_LEVEL = "-Onone";
				WRAPPER_EXTENSION = app;
			};
			name = Debug;
		};
		DEDDB671183DBD2900D78B84 /* Release */ = {
			isa = XCBuildConfiguration;
			baseConfigurationReference = 55617194F840C2B2C79FAEB3 /* Pods-WaterEating_DDay.release.xcconfig */;
			buildSettings = {
				ASSETCATALOG_COMPILER_APPICON_NAME = AppIcon;
				ASSETCATALOG_COMPILER_LAUNCHIMAGE_NAME = LaunchImage;
				CLANG_ENABLE_MODULES = YES;
				CODE_SIGN_IDENTITY = "iPhone Developer";
				"CODE_SIGN_IDENTITY[sdk=iphoneos*]" = "iPhone Distribution";
				ENABLE_BITCODE = NO;
				GCC_PRECOMPILE_PREFIX_HEADER = YES;
				GCC_PREFIX_HEADER = "WaterEating_DDay/WaterEating_DDay-Prefix.pch";
				INFOPLIST_FILE = "WaterEating_DDay/WaterEating_DDay-Info.plist";
				LD_RUNPATH_SEARCH_PATHS = "$(inherited) @executable_path/Frameworks";
				LIBRARY_SEARCH_PATHS = (
					"$(inherited)",
					"${SOURCE_ROOT}/Lib/NaverAdpost",
				);
				PRODUCT_NAME = "물먹고 디데이";
				PROVISIONING_PROFILE = "";
				SWIFT_OBJC_BRIDGING_HEADER = "WaterEating_DDay/WaterEating_DDay-Bridging-Header.h";
				WRAPPER_EXTENSION = app;
			};
			name = Release;
		};
/* End XCBuildConfiguration section */

/* Begin XCConfigurationList section */
		DE06C6C31861780E004E28CD /* Build configuration list for PBXNativeTarget "WE_DDay Tests" */ = {
			isa = XCConfigurationList;
			buildConfigurations = (
				DE06C6C41861780E004E28CD /* Debug */,
				DE06C6C51861780E004E28CD /* Release */,
			);
			defaultConfigurationIsVisible = 0;
			defaultConfigurationName = Release;
		};
		DEDDB638183DBD2800D78B84 /* Build configuration list for PBXProject "WaterEating_DDay" */ = {
			isa = XCConfigurationList;
			buildConfigurations = (
				DEDDB66D183DBD2900D78B84 /* Debug */,
				DEDDB66E183DBD2900D78B84 /* Release */,
			);
			defaultConfigurationIsVisible = 0;
			defaultConfigurationName = Release;
		};
		DEDDB66F183DBD2900D78B84 /* Build configuration list for PBXNativeTarget "WaterEating_DDay" */ = {
			isa = XCConfigurationList;
			buildConfigurations = (
				DEDDB670183DBD2900D78B84 /* Debug */,
				DEDDB671183DBD2900D78B84 /* Release */,
			);
			defaultConfigurationIsVisible = 0;
			defaultConfigurationName = Release;
		};
/* End XCConfigurationList section */

/* Begin XCVersionGroup section */
		DEA3CB64184735CE00034A4D /* Model.xcdatamodeld */ = {
			isa = XCVersionGroup;
			children = (
				DEA3CB65184735CE00034A4D /* Model.xcdatamodel */,
			);
			currentVersion = DEA3CB65184735CE00034A4D /* Model.xcdatamodel */;
			name = Model.xcdatamodeld;
			path = ../Model.xcdatamodeld;
			sourceTree = "<group>";
			versionGroupType = wrapper.xcdatamodel;
		};
/* End XCVersionGroup section */
	};
	rootObject = DEDDB635183DBD2800D78B84 /* Project object */;
}
