// !$*UTF8*$!
{
	archiveVersion = 1;
	classes = {
	};
	objectVersion = 46;
	objects = {

/* Begin PBXBuildFile section */
		DE0E554B183E09BE00A78CB7 /* background_test.png in Resources */ = {isa = PBXBuildFile; fileRef = DE0E554A183E09BE00A78CB7 /* background_test.png */; };
		DEA3CB66184735CE00034A4D /* Model.xcdatamodeld in Sources */ = {isa = PBXBuildFile; fileRef = DEA3CB64184735CE00034A4D /* Model.xcdatamodeld */; };
		DEA3CBA41847381600034A4D /* MagicalImportFunctions.m in Sources */ = {isa = PBXBuildFile; fileRef = DEA3CB6C1847381600034A4D /* MagicalImportFunctions.m */; };
		DEA3CBA51847381600034A4D /* NSAttributeDescription+MagicalDataImport.m in Sources */ = {isa = PBXBuildFile; fileRef = DEA3CB6E1847381600034A4D /* NSAttributeDescription+MagicalDataImport.m */; };
		DEA3CBA61847381600034A4D /* NSEntityDescription+MagicalDataImport.m in Sources */ = {isa = PBXBuildFile; fileRef = DEA3CB701847381600034A4D /* NSEntityDescription+MagicalDataImport.m */; };
		DEA3CBA71847381600034A4D /* NSNumber+MagicalDataImport.m in Sources */ = {isa = PBXBuildFile; fileRef = DEA3CB721847381600034A4D /* NSNumber+MagicalDataImport.m */; };
		DEA3CBA81847381600034A4D /* NSObject+MagicalDataImport.m in Sources */ = {isa = PBXBuildFile; fileRef = DEA3CB741847381600034A4D /* NSObject+MagicalDataImport.m */; };
		DEA3CBA91847381600034A4D /* NSRelationshipDescription+MagicalDataImport.m in Sources */ = {isa = PBXBuildFile; fileRef = DEA3CB761847381600034A4D /* NSRelationshipDescription+MagicalDataImport.m */; };
		DEA3CBAA1847381600034A4D /* NSString+MagicalDataImport.m in Sources */ = {isa = PBXBuildFile; fileRef = DEA3CB781847381600034A4D /* NSString+MagicalDataImport.m */; };
		DEA3CBAB1847381600034A4D /* NSManagedObject+MagicalAggregation.m in Sources */ = {isa = PBXBuildFile; fileRef = DEA3CB7B1847381600034A4D /* NSManagedObject+MagicalAggregation.m */; };
		DEA3CBAC1847381600034A4D /* NSManagedObject+MagicalDataImport.m in Sources */ = {isa = PBXBuildFile; fileRef = DEA3CB7D1847381600034A4D /* NSManagedObject+MagicalDataImport.m */; };
		DEA3CBAD1847381600034A4D /* NSManagedObject+MagicalFinders.m in Sources */ = {isa = PBXBuildFile; fileRef = DEA3CB7F1847381600034A4D /* NSManagedObject+MagicalFinders.m */; };
		DEA3CBAE1847381600034A4D /* NSManagedObject+MagicalRecord.m in Sources */ = {isa = PBXBuildFile; fileRef = DEA3CB811847381600034A4D /* NSManagedObject+MagicalRecord.m */; };
		DEA3CBAF1847381600034A4D /* NSManagedObject+MagicalRequests.m in Sources */ = {isa = PBXBuildFile; fileRef = DEA3CB831847381600034A4D /* NSManagedObject+MagicalRequests.m */; };
		DEA3CBB01847381600034A4D /* NSManagedObjectContext+MagicalObserving.m in Sources */ = {isa = PBXBuildFile; fileRef = DEA3CB861847381600034A4D /* NSManagedObjectContext+MagicalObserving.m */; };
		DEA3CBB11847381600034A4D /* NSManagedObjectContext+MagicalRecord.m in Sources */ = {isa = PBXBuildFile; fileRef = DEA3CB881847381600034A4D /* NSManagedObjectContext+MagicalRecord.m */; };
		DEA3CBB21847381600034A4D /* NSManagedObjectContext+MagicalSaves.m in Sources */ = {isa = PBXBuildFile; fileRef = DEA3CB8A1847381600034A4D /* NSManagedObjectContext+MagicalSaves.m */; };
		DEA3CBB31847381600034A4D /* NSManagedObjectContext+MagicalThreading.m in Sources */ = {isa = PBXBuildFile; fileRef = DEA3CB8C1847381600034A4D /* NSManagedObjectContext+MagicalThreading.m */; };
		DEA3CBB41847381600034A4D /* NSManagedObjectModel+MagicalRecord.m in Sources */ = {isa = PBXBuildFile; fileRef = DEA3CB8E1847381600034A4D /* NSManagedObjectModel+MagicalRecord.m */; };
		DEA3CBB51847381600034A4D /* NSPersistentStore+MagicalRecord.m in Sources */ = {isa = PBXBuildFile; fileRef = DEA3CB901847381600034A4D /* NSPersistentStore+MagicalRecord.m */; };
		DEA3CBB61847381600034A4D /* NSPersistentStoreCoordinator+MagicalRecord.m in Sources */ = {isa = PBXBuildFile; fileRef = DEA3CB921847381600034A4D /* NSPersistentStoreCoordinator+MagicalRecord.m */; };
		DEA3CBB71847381600034A4D /* MagicalRecord+Actions.m in Sources */ = {isa = PBXBuildFile; fileRef = DEA3CB951847381600034A4D /* MagicalRecord+Actions.m */; };
		DEA3CBB81847381600034A4D /* MagicalRecord+ErrorHandling.m in Sources */ = {isa = PBXBuildFile; fileRef = DEA3CB971847381600034A4D /* MagicalRecord+ErrorHandling.m */; };
		DEA3CBB91847381600034A4D /* MagicalRecord+iCloud.m in Sources */ = {isa = PBXBuildFile; fileRef = DEA3CB991847381600034A4D /* MagicalRecord+iCloud.m */; };
		DEA3CBBA1847381600034A4D /* MagicalRecord+Options.m in Sources */ = {isa = PBXBuildFile; fileRef = DEA3CB9B1847381600034A4D /* MagicalRecord+Options.m */; };
		DEA3CBBB1847381600034A4D /* MagicalRecord+Setup.m in Sources */ = {isa = PBXBuildFile; fileRef = DEA3CB9D1847381600034A4D /* MagicalRecord+Setup.m */; };
		DEA3CBBC1847381600034A4D /* MagicalRecord+ShorthandSupport.m in Sources */ = {isa = PBXBuildFile; fileRef = DEA3CB9F1847381600034A4D /* MagicalRecord+ShorthandSupport.m */; };
		DEA3CBBD1847381600034A4D /* MagicalRecord.m in Sources */ = {isa = PBXBuildFile; fileRef = DEA3CBA11847381600034A4D /* MagicalRecord.m */; };
		DEA3CBC018473DEE00034A4D /* EditDay.m in Sources */ = {isa = PBXBuildFile; fileRef = DEA3CBBF18473DEE00034A4D /* EditDay.m */; };
		DED0BB0318482AE500F7564F /* CoreData.framework in Frameworks */ = {isa = PBXBuildFile; fileRef = DED0BB0218482AE500F7564F /* CoreData.framework */; };
		DED0BB09184848A400F7564F /* Date+Calendar.m in Sources */ = {isa = PBXBuildFile; fileRef = DED0BB08184848A400F7564F /* Date+Calendar.m */; };
		DEDDB641183DBD2900D78B84 /* Foundation.framework in Frameworks */ = {isa = PBXBuildFile; fileRef = DEDDB640183DBD2900D78B84 /* Foundation.framework */; };
		DEDDB643183DBD2900D78B84 /* CoreGraphics.framework in Frameworks */ = {isa = PBXBuildFile; fileRef = DEDDB642183DBD2900D78B84 /* CoreGraphics.framework */; };
		DEDDB645183DBD2900D78B84 /* UIKit.framework in Frameworks */ = {isa = PBXBuildFile; fileRef = DEDDB644183DBD2900D78B84 /* UIKit.framework */; };
		DEDDB64B183DBD2900D78B84 /* InfoPlist.strings in Resources */ = {isa = PBXBuildFile; fileRef = DEDDB649183DBD2900D78B84 /* InfoPlist.strings */; };
		DEDDB64D183DBD2900D78B84 /* main.m in Sources */ = {isa = PBXBuildFile; fileRef = DEDDB64C183DBD2900D78B84 /* main.m */; };
		DEDDB651183DBD2900D78B84 /* WE_DDayAppDelegate.m in Sources */ = {isa = PBXBuildFile; fileRef = DEDDB650183DBD2900D78B84 /* WE_DDayAppDelegate.m */; };
		DEDDB654183DBD2900D78B84 /* D_Day.storyboard in Resources */ = {isa = PBXBuildFile; fileRef = DEDDB652183DBD2900D78B84 /* D_Day.storyboard */; };
		DEDDB657183DBD2900D78B84 /* WE_DDayViewController.m in Sources */ = {isa = PBXBuildFile; fileRef = DEDDB656183DBD2900D78B84 /* WE_DDayViewController.m */; };
		DEDDB659183DBD2900D78B84 /* Images.xcassets in Resources */ = {isa = PBXBuildFile; fileRef = DEDDB658183DBD2900D78B84 /* Images.xcassets */; };
		DEDDB660183DBD2900D78B84 /* XCTest.framework in Frameworks */ = {isa = PBXBuildFile; fileRef = DEDDB65F183DBD2900D78B84 /* XCTest.framework */; };
		DEDDB661183DBD2900D78B84 /* Foundation.framework in Frameworks */ = {isa = PBXBuildFile; fileRef = DEDDB640183DBD2900D78B84 /* Foundation.framework */; };
		DEDDB662183DBD2900D78B84 /* UIKit.framework in Frameworks */ = {isa = PBXBuildFile; fileRef = DEDDB644183DBD2900D78B84 /* UIKit.framework */; };
		DEDDB66A183DBD2900D78B84 /* InfoPlist.strings in Resources */ = {isa = PBXBuildFile; fileRef = DEDDB668183DBD2900D78B84 /* InfoPlist.strings */; };
		DEDDB66C183DBD2900D78B84 /* WaterEating_DDayTests.m in Sources */ = {isa = PBXBuildFile; fileRef = DEDDB66B183DBD2900D78B84 /* WaterEating_DDayTests.m */; };
		DEECA31B183F34EC0068ABAD /* EditViewController.m in Sources */ = {isa = PBXBuildFile; fileRef = DEECA31A183F34EC0068ABAD /* EditViewController.m */; };
		DEECA320183F36290068ABAD /* Edit.storyboard in Resources */ = {isa = PBXBuildFile; fileRef = DEECA31F183F36290068ABAD /* Edit.storyboard */; };
/* End PBXBuildFile section */

/* Begin PBXContainerItemProxy section */
		DEDDB663183DBD2900D78B84 /* PBXContainerItemProxy */ = {
			isa = PBXContainerItemProxy;
			containerPortal = DEDDB635183DBD2800D78B84 /* Project object */;
			proxyType = 1;
			remoteGlobalIDString = DEDDB63C183DBD2900D78B84;
			remoteInfo = WaterEating_DDay;
		};
/* End PBXContainerItemProxy section */

/* Begin PBXFileReference section */
		DE0E554A183E09BE00A78CB7 /* background_test.png */ = {isa = PBXFileReference; lastKnownFileType = image.png; path = background_test.png; sourceTree = "<group>"; };
		DEA3CB65184735CE00034A4D /* Model.xcdatamodel */ = {isa = PBXFileReference; lastKnownFileType = wrapper.xcdatamodel; path = Model.xcdatamodel; sourceTree = "<group>"; };
		DEA3CB6B1847381600034A4D /* MagicalImportFunctions.h */ = {isa = PBXFileReference; fileEncoding = 4; lastKnownFileType = sourcecode.c.h; path = MagicalImportFunctions.h; sourceTree = "<group>"; };
		DEA3CB6C1847381600034A4D /* MagicalImportFunctions.m */ = {isa = PBXFileReference; fileEncoding = 4; lastKnownFileType = sourcecode.c.objc; path = MagicalImportFunctions.m; sourceTree = "<group>"; };
		DEA3CB6D1847381600034A4D /* NSAttributeDescription+MagicalDataImport.h */ = {isa = PBXFileReference; fileEncoding = 4; lastKnownFileType = sourcecode.c.h; path = "NSAttributeDescription+MagicalDataImport.h"; sourceTree = "<group>"; };
		DEA3CB6E1847381600034A4D /* NSAttributeDescription+MagicalDataImport.m */ = {isa = PBXFileReference; fileEncoding = 4; lastKnownFileType = sourcecode.c.objc; path = "NSAttributeDescription+MagicalDataImport.m"; sourceTree = "<group>"; };
		DEA3CB6F1847381600034A4D /* NSEntityDescription+MagicalDataImport.h */ = {isa = PBXFileReference; fileEncoding = 4; lastKnownFileType = sourcecode.c.h; path = "NSEntityDescription+MagicalDataImport.h"; sourceTree = "<group>"; };
		DEA3CB701847381600034A4D /* NSEntityDescription+MagicalDataImport.m */ = {isa = PBXFileReference; fileEncoding = 4; lastKnownFileType = sourcecode.c.objc; path = "NSEntityDescription+MagicalDataImport.m"; sourceTree = "<group>"; };
		DEA3CB711847381600034A4D /* NSNumber+MagicalDataImport.h */ = {isa = PBXFileReference; fileEncoding = 4; lastKnownFileType = sourcecode.c.h; path = "NSNumber+MagicalDataImport.h"; sourceTree = "<group>"; };
		DEA3CB721847381600034A4D /* NSNumber+MagicalDataImport.m */ = {isa = PBXFileReference; fileEncoding = 4; lastKnownFileType = sourcecode.c.objc; path = "NSNumber+MagicalDataImport.m"; sourceTree = "<group>"; };
		DEA3CB731847381600034A4D /* NSObject+MagicalDataImport.h */ = {isa = PBXFileReference; fileEncoding = 4; lastKnownFileType = sourcecode.c.h; path = "NSObject+MagicalDataImport.h"; sourceTree = "<group>"; };
		DEA3CB741847381600034A4D /* NSObject+MagicalDataImport.m */ = {isa = PBXFileReference; fileEncoding = 4; lastKnownFileType = sourcecode.c.objc; path = "NSObject+MagicalDataImport.m"; sourceTree = "<group>"; };
		DEA3CB751847381600034A4D /* NSRelationshipDescription+MagicalDataImport.h */ = {isa = PBXFileReference; fileEncoding = 4; lastKnownFileType = sourcecode.c.h; path = "NSRelationshipDescription+MagicalDataImport.h"; sourceTree = "<group>"; };
		DEA3CB761847381600034A4D /* NSRelationshipDescription+MagicalDataImport.m */ = {isa = PBXFileReference; fileEncoding = 4; lastKnownFileType = sourcecode.c.objc; path = "NSRelationshipDescription+MagicalDataImport.m"; sourceTree = "<group>"; };
		DEA3CB771847381600034A4D /* NSString+MagicalDataImport.h */ = {isa = PBXFileReference; fileEncoding = 4; lastKnownFileType = sourcecode.c.h; path = "NSString+MagicalDataImport.h"; sourceTree = "<group>"; };
		DEA3CB781847381600034A4D /* NSString+MagicalDataImport.m */ = {isa = PBXFileReference; fileEncoding = 4; lastKnownFileType = sourcecode.c.objc; path = "NSString+MagicalDataImport.m"; sourceTree = "<group>"; };
		DEA3CB7A1847381600034A4D /* NSManagedObject+MagicalAggregation.h */ = {isa = PBXFileReference; fileEncoding = 4; lastKnownFileType = sourcecode.c.h; path = "NSManagedObject+MagicalAggregation.h"; sourceTree = "<group>"; };
		DEA3CB7B1847381600034A4D /* NSManagedObject+MagicalAggregation.m */ = {isa = PBXFileReference; fileEncoding = 4; lastKnownFileType = sourcecode.c.objc; path = "NSManagedObject+MagicalAggregation.m"; sourceTree = "<group>"; };
		DEA3CB7C1847381600034A4D /* NSManagedObject+MagicalDataImport.h */ = {isa = PBXFileReference; fileEncoding = 4; lastKnownFileType = sourcecode.c.h; path = "NSManagedObject+MagicalDataImport.h"; sourceTree = "<group>"; };
		DEA3CB7D1847381600034A4D /* NSManagedObject+MagicalDataImport.m */ = {isa = PBXFileReference; fileEncoding = 4; lastKnownFileType = sourcecode.c.objc; path = "NSManagedObject+MagicalDataImport.m"; sourceTree = "<group>"; };
		DEA3CB7E1847381600034A4D /* NSManagedObject+MagicalFinders.h */ = {isa = PBXFileReference; fileEncoding = 4; lastKnownFileType = sourcecode.c.h; path = "NSManagedObject+MagicalFinders.h"; sourceTree = "<group>"; };
		DEA3CB7F1847381600034A4D /* NSManagedObject+MagicalFinders.m */ = {isa = PBXFileReference; fileEncoding = 4; lastKnownFileType = sourcecode.c.objc; path = "NSManagedObject+MagicalFinders.m"; sourceTree = "<group>"; };
		DEA3CB801847381600034A4D /* NSManagedObject+MagicalRecord.h */ = {isa = PBXFileReference; fileEncoding = 4; lastKnownFileType = sourcecode.c.h; path = "NSManagedObject+MagicalRecord.h"; sourceTree = "<group>"; };
		DEA3CB811847381600034A4D /* NSManagedObject+MagicalRecord.m */ = {isa = PBXFileReference; fileEncoding = 4; lastKnownFileType = sourcecode.c.objc; path = "NSManagedObject+MagicalRecord.m"; sourceTree = "<group>"; };
		DEA3CB821847381600034A4D /* NSManagedObject+MagicalRequests.h */ = {isa = PBXFileReference; fileEncoding = 4; lastKnownFileType = sourcecode.c.h; path = "NSManagedObject+MagicalRequests.h"; sourceTree = "<group>"; };
		DEA3CB831847381600034A4D /* NSManagedObject+MagicalRequests.m */ = {isa = PBXFileReference; fileEncoding = 4; lastKnownFileType = sourcecode.c.objc; path = "NSManagedObject+MagicalRequests.m"; sourceTree = "<group>"; };
		DEA3CB851847381600034A4D /* NSManagedObjectContext+MagicalObserving.h */ = {isa = PBXFileReference; fileEncoding = 4; lastKnownFileType = sourcecode.c.h; path = "NSManagedObjectContext+MagicalObserving.h"; sourceTree = "<group>"; };
		DEA3CB861847381600034A4D /* NSManagedObjectContext+MagicalObserving.m */ = {isa = PBXFileReference; fileEncoding = 4; lastKnownFileType = sourcecode.c.objc; path = "NSManagedObjectContext+MagicalObserving.m"; sourceTree = "<group>"; };
		DEA3CB871847381600034A4D /* NSManagedObjectContext+MagicalRecord.h */ = {isa = PBXFileReference; fileEncoding = 4; lastKnownFileType = sourcecode.c.h; path = "NSManagedObjectContext+MagicalRecord.h"; sourceTree = "<group>"; };
		DEA3CB881847381600034A4D /* NSManagedObjectContext+MagicalRecord.m */ = {isa = PBXFileReference; fileEncoding = 4; lastKnownFileType = sourcecode.c.objc; path = "NSManagedObjectContext+MagicalRecord.m"; sourceTree = "<group>"; };
		DEA3CB891847381600034A4D /* NSManagedObjectContext+MagicalSaves.h */ = {isa = PBXFileReference; fileEncoding = 4; lastKnownFileType = sourcecode.c.h; path = "NSManagedObjectContext+MagicalSaves.h"; sourceTree = "<group>"; };
		DEA3CB8A1847381600034A4D /* NSManagedObjectContext+MagicalSaves.m */ = {isa = PBXFileReference; fileEncoding = 4; lastKnownFileType = sourcecode.c.objc; path = "NSManagedObjectContext+MagicalSaves.m"; sourceTree = "<group>"; };
		DEA3CB8B1847381600034A4D /* NSManagedObjectContext+MagicalThreading.h */ = {isa = PBXFileReference; fileEncoding = 4; lastKnownFileType = sourcecode.c.h; path = "NSManagedObjectContext+MagicalThreading.h"; sourceTree = "<group>"; };
		DEA3CB8C1847381600034A4D /* NSManagedObjectContext+MagicalThreading.m */ = {isa = PBXFileReference; fileEncoding = 4; lastKnownFileType = sourcecode.c.objc; path = "NSManagedObjectContext+MagicalThreading.m"; sourceTree = "<group>"; };
		DEA3CB8D1847381600034A4D /* NSManagedObjectModel+MagicalRecord.h */ = {isa = PBXFileReference; fileEncoding = 4; lastKnownFileType = sourcecode.c.h; path = "NSManagedObjectModel+MagicalRecord.h"; sourceTree = "<group>"; };
		DEA3CB8E1847381600034A4D /* NSManagedObjectModel+MagicalRecord.m */ = {isa = PBXFileReference; fileEncoding = 4; lastKnownFileType = sourcecode.c.objc; path = "NSManagedObjectModel+MagicalRecord.m"; sourceTree = "<group>"; };
		DEA3CB8F1847381600034A4D /* NSPersistentStore+MagicalRecord.h */ = {isa = PBXFileReference; fileEncoding = 4; lastKnownFileType = sourcecode.c.h; path = "NSPersistentStore+MagicalRecord.h"; sourceTree = "<group>"; };
		DEA3CB901847381600034A4D /* NSPersistentStore+MagicalRecord.m */ = {isa = PBXFileReference; fileEncoding = 4; lastKnownFileType = sourcecode.c.objc; path = "NSPersistentStore+MagicalRecord.m"; sourceTree = "<group>"; };
		DEA3CB911847381600034A4D /* NSPersistentStoreCoordinator+MagicalRecord.h */ = {isa = PBXFileReference; fileEncoding = 4; lastKnownFileType = sourcecode.c.h; path = "NSPersistentStoreCoordinator+MagicalRecord.h"; sourceTree = "<group>"; };
		DEA3CB921847381600034A4D /* NSPersistentStoreCoordinator+MagicalRecord.m */ = {isa = PBXFileReference; fileEncoding = 4; lastKnownFileType = sourcecode.c.objc; path = "NSPersistentStoreCoordinator+MagicalRecord.m"; sourceTree = "<group>"; };
		DEA3CB941847381600034A4D /* MagicalRecord+Actions.h */ = {isa = PBXFileReference; fileEncoding = 4; lastKnownFileType = sourcecode.c.h; path = "MagicalRecord+Actions.h"; sourceTree = "<group>"; };
		DEA3CB951847381600034A4D /* MagicalRecord+Actions.m */ = {isa = PBXFileReference; fileEncoding = 4; lastKnownFileType = sourcecode.c.objc; path = "MagicalRecord+Actions.m"; sourceTree = "<group>"; };
		DEA3CB961847381600034A4D /* MagicalRecord+ErrorHandling.h */ = {isa = PBXFileReference; fileEncoding = 4; lastKnownFileType = sourcecode.c.h; path = "MagicalRecord+ErrorHandling.h"; sourceTree = "<group>"; };
		DEA3CB971847381600034A4D /* MagicalRecord+ErrorHandling.m */ = {isa = PBXFileReference; fileEncoding = 4; lastKnownFileType = sourcecode.c.objc; path = "MagicalRecord+ErrorHandling.m"; sourceTree = "<group>"; };
		DEA3CB981847381600034A4D /* MagicalRecord+iCloud.h */ = {isa = PBXFileReference; fileEncoding = 4; lastKnownFileType = sourcecode.c.h; path = "MagicalRecord+iCloud.h"; sourceTree = "<group>"; };
		DEA3CB991847381600034A4D /* MagicalRecord+iCloud.m */ = {isa = PBXFileReference; fileEncoding = 4; lastKnownFileType = sourcecode.c.objc; path = "MagicalRecord+iCloud.m"; sourceTree = "<group>"; };
		DEA3CB9A1847381600034A4D /* MagicalRecord+Options.h */ = {isa = PBXFileReference; fileEncoding = 4; lastKnownFileType = sourcecode.c.h; path = "MagicalRecord+Options.h"; sourceTree = "<group>"; };
		DEA3CB9B1847381600034A4D /* MagicalRecord+Options.m */ = {isa = PBXFileReference; fileEncoding = 4; lastKnownFileType = sourcecode.c.objc; path = "MagicalRecord+Options.m"; sourceTree = "<group>"; };
		DEA3CB9C1847381600034A4D /* MagicalRecord+Setup.h */ = {isa = PBXFileReference; fileEncoding = 4; lastKnownFileType = sourcecode.c.h; path = "MagicalRecord+Setup.h"; sourceTree = "<group>"; };
		DEA3CB9D1847381600034A4D /* MagicalRecord+Setup.m */ = {isa = PBXFileReference; fileEncoding = 4; lastKnownFileType = sourcecode.c.objc; path = "MagicalRecord+Setup.m"; sourceTree = "<group>"; };
		DEA3CB9E1847381600034A4D /* MagicalRecord+ShorthandSupport.h */ = {isa = PBXFileReference; fileEncoding = 4; lastKnownFileType = sourcecode.c.h; path = "MagicalRecord+ShorthandSupport.h"; sourceTree = "<group>"; };
		DEA3CB9F1847381600034A4D /* MagicalRecord+ShorthandSupport.m */ = {isa = PBXFileReference; fileEncoding = 4; lastKnownFileType = sourcecode.c.objc; path = "MagicalRecord+ShorthandSupport.m"; sourceTree = "<group>"; };
		DEA3CBA01847381600034A4D /* MagicalRecord.h */ = {isa = PBXFileReference; fileEncoding = 4; lastKnownFileType = sourcecode.c.h; path = MagicalRecord.h; sourceTree = "<group>"; };
		DEA3CBA11847381600034A4D /* MagicalRecord.m */ = {isa = PBXFileReference; fileEncoding = 4; lastKnownFileType = sourcecode.c.objc; path = MagicalRecord.m; sourceTree = "<group>"; };
		DEA3CBA21847381600034A4D /* MagicalRecordShorthand.h */ = {isa = PBXFileReference; fileEncoding = 4; lastKnownFileType = sourcecode.c.h; path = MagicalRecordShorthand.h; sourceTree = "<group>"; };
		DEA3CBA31847381600034A4D /* CoreData+MagicalRecord.h */ = {isa = PBXFileReference; fileEncoding = 4; lastKnownFileType = sourcecode.c.h; path = "CoreData+MagicalRecord.h"; sourceTree = "<group>"; };
		DEA3CBBE18473DEE00034A4D /* EditDay.h */ = {isa = PBXFileReference; fileEncoding = 4; lastKnownFileType = sourcecode.c.h; name = EditDay.h; path = ../EditDay.h; sourceTree = "<group>"; };
		DEA3CBBF18473DEE00034A4D /* EditDay.m */ = {isa = PBXFileReference; fileEncoding = 4; lastKnownFileType = sourcecode.c.objc; name = EditDay.m; path = ../EditDay.m; sourceTree = "<group>"; };
		DED0BB0218482AE500F7564F /* CoreData.framework */ = {isa = PBXFileReference; lastKnownFileType = wrapper.framework; name = CoreData.framework; path = System/Library/Frameworks/CoreData.framework; sourceTree = SDKROOT; };
		DED0BB07184848A400F7564F /* Date+Calendar.h */ = {isa = PBXFileReference; fileEncoding = 4; lastKnownFileType = sourcecode.c.h; path = "Date+Calendar.h"; sourceTree = "<group>"; };
		DED0BB08184848A400F7564F /* Date+Calendar.m */ = {isa = PBXFileReference; fileEncoding = 4; lastKnownFileType = sourcecode.c.objc; path = "Date+Calendar.m"; sourceTree = "<group>"; };
		DEDDB63D183DBD2900D78B84 /* WaterEating_DDay.app */ = {isa = PBXFileReference; explicitFileType = wrapper.application; includeInIndex = 0; path = WaterEating_DDay.app; sourceTree = BUILT_PRODUCTS_DIR; };
		DEDDB640183DBD2900D78B84 /* Foundation.framework */ = {isa = PBXFileReference; lastKnownFileType = wrapper.framework; name = Foundation.framework; path = System/Library/Frameworks/Foundation.framework; sourceTree = SDKROOT; };
		DEDDB642183DBD2900D78B84 /* CoreGraphics.framework */ = {isa = PBXFileReference; lastKnownFileType = wrapper.framework; name = CoreGraphics.framework; path = System/Library/Frameworks/CoreGraphics.framework; sourceTree = SDKROOT; };
		DEDDB644183DBD2900D78B84 /* UIKit.framework */ = {isa = PBXFileReference; lastKnownFileType = wrapper.framework; name = UIKit.framework; path = System/Library/Frameworks/UIKit.framework; sourceTree = SDKROOT; };
		DEDDB648183DBD2900D78B84 /* WaterEating_DDay-Info.plist */ = {isa = PBXFileReference; lastKnownFileType = text.plist.xml; path = "WaterEating_DDay-Info.plist"; sourceTree = "<group>"; };
		DEDDB64A183DBD2900D78B84 /* en */ = {isa = PBXFileReference; lastKnownFileType = text.plist.strings; name = en; path = en.lproj/InfoPlist.strings; sourceTree = "<group>"; };
		DEDDB64C183DBD2900D78B84 /* main.m */ = {isa = PBXFileReference; lastKnownFileType = sourcecode.c.objc; path = main.m; sourceTree = "<group>"; };
		DEDDB64E183DBD2900D78B84 /* WaterEating_DDay-Prefix.pch */ = {isa = PBXFileReference; lastKnownFileType = sourcecode.c.h; path = "WaterEating_DDay-Prefix.pch"; sourceTree = "<group>"; };
		DEDDB64F183DBD2900D78B84 /* WE_DDayAppDelegate.h */ = {isa = PBXFileReference; lastKnownFileType = sourcecode.c.h; path = WE_DDayAppDelegate.h; sourceTree = "<group>"; };
		DEDDB650183DBD2900D78B84 /* WE_DDayAppDelegate.m */ = {isa = PBXFileReference; lastKnownFileType = sourcecode.c.objc; path = WE_DDayAppDelegate.m; sourceTree = "<group>"; };
		DEDDB653183DBD2900D78B84 /* Base */ = {isa = PBXFileReference; lastKnownFileType = file.storyboard; name = Base; path = Base.lproj/D_Day.storyboard; sourceTree = "<group>"; };
		DEDDB655183DBD2900D78B84 /* WE_DDayViewController.h */ = {isa = PBXFileReference; lastKnownFileType = sourcecode.c.h; path = WE_DDayViewController.h; sourceTree = "<group>"; };
		DEDDB656183DBD2900D78B84 /* WE_DDayViewController.m */ = {isa = PBXFileReference; lastKnownFileType = sourcecode.c.objc; path = WE_DDayViewController.m; sourceTree = "<group>"; };
		DEDDB658183DBD2900D78B84 /* Images.xcassets */ = {isa = PBXFileReference; lastKnownFileType = folder.assetcatalog; path = Images.xcassets; sourceTree = "<group>"; };
		DEDDB65E183DBD2900D78B84 /* WaterEating_DDayTests.xctest */ = {isa = PBXFileReference; explicitFileType = wrapper.cfbundle; includeInIndex = 0; path = WaterEating_DDayTests.xctest; sourceTree = BUILT_PRODUCTS_DIR; };
		DEDDB65F183DBD2900D78B84 /* XCTest.framework */ = {isa = PBXFileReference; lastKnownFileType = wrapper.framework; name = XCTest.framework; path = Library/Frameworks/XCTest.framework; sourceTree = DEVELOPER_DIR; };
		DEDDB667183DBD2900D78B84 /* WaterEating_DDayTests-Info.plist */ = {isa = PBXFileReference; lastKnownFileType = text.plist.xml; path = "WaterEating_DDayTests-Info.plist"; sourceTree = "<group>"; };
		DEDDB669183DBD2900D78B84 /* en */ = {isa = PBXFileReference; lastKnownFileType = text.plist.strings; name = en; path = en.lproj/InfoPlist.strings; sourceTree = "<group>"; };
		DEDDB66B183DBD2900D78B84 /* WaterEating_DDayTests.m */ = {isa = PBXFileReference; lastKnownFileType = sourcecode.c.objc; path = WaterEating_DDayTests.m; sourceTree = "<group>"; };
		DEECA319183F34EC0068ABAD /* EditViewController.h */ = {isa = PBXFileReference; fileEncoding = 4; lastKnownFileType = sourcecode.c.h; path = EditViewController.h; sourceTree = "<group>"; };
		DEECA31A183F34EC0068ABAD /* EditViewController.m */ = {isa = PBXFileReference; fileEncoding = 4; lastKnownFileType = sourcecode.c.objc; path = EditViewController.m; sourceTree = "<group>"; };
		DEECA31F183F36290068ABAD /* Edit.storyboard */ = {isa = PBXFileReference; fileEncoding = 4; lastKnownFileType = file.storyboard; path = Edit.storyboard; sourceTree = "<group>"; };
/* End PBXFileReference section */

/* Begin PBXFrameworksBuildPhase section */
		DEDDB63A183DBD2900D78B84 /* Frameworks */ = {
			isa = PBXFrameworksBuildPhase;
			buildActionMask = 2147483647;
			files = (
				DED0BB0318482AE500F7564F /* CoreData.framework in Frameworks */,
				DEDDB643183DBD2900D78B84 /* CoreGraphics.framework in Frameworks */,
				DEDDB645183DBD2900D78B84 /* UIKit.framework in Frameworks */,
				DEDDB641183DBD2900D78B84 /* Foundation.framework in Frameworks */,
			);
			runOnlyForDeploymentPostprocessing = 0;
		};
		DEDDB65B183DBD2900D78B84 /* Frameworks */ = {
			isa = PBXFrameworksBuildPhase;
			buildActionMask = 2147483647;
			files = (
				DEDDB660183DBD2900D78B84 /* XCTest.framework in Frameworks */,
				DEDDB662183DBD2900D78B84 /* UIKit.framework in Frameworks */,
				DEDDB661183DBD2900D78B84 /* Foundation.framework in Frameworks */,
			);
			runOnlyForDeploymentPostprocessing = 0;
		};
/* End PBXFrameworksBuildPhase section */

/* Begin PBXGroup section */
		DE0E5549183E09B700A78CB7 /* images */ = {
			isa = PBXGroup;
			children = (
				DE0E554A183E09BE00A78CB7 /* background_test.png */,
			);
			name = images;
			sourceTree = "<group>";
		};
		DEA3CB681847381600034A4D /* MagicalRecord */ = {
			isa = PBXGroup;
			children = (
				DEA3CB691847381600034A4D /* Categories */,
				DEA3CB931847381600034A4D /* Core */,
				DEA3CBA31847381600034A4D /* CoreData+MagicalRecord.h */,
			);
			name = MagicalRecord;
			path = ../MagicalRecord;
			sourceTree = "<group>";
		};
		DEA3CB691847381600034A4D /* Categories */ = {
			isa = PBXGroup;
			children = (
				DEA3CB6A1847381600034A4D /* DataImport */,
				DEA3CB791847381600034A4D /* NSManagedObject */,
				DEA3CB841847381600034A4D /* NSManagedObjectContext */,
				DEA3CB8D1847381600034A4D /* NSManagedObjectModel+MagicalRecord.h */,
				DEA3CB8E1847381600034A4D /* NSManagedObjectModel+MagicalRecord.m */,
				DEA3CB8F1847381600034A4D /* NSPersistentStore+MagicalRecord.h */,
				DEA3CB901847381600034A4D /* NSPersistentStore+MagicalRecord.m */,
				DEA3CB911847381600034A4D /* NSPersistentStoreCoordinator+MagicalRecord.h */,
				DEA3CB921847381600034A4D /* NSPersistentStoreCoordinator+MagicalRecord.m */,
			);
			path = Categories;
			sourceTree = "<group>";
		};
		DEA3CB6A1847381600034A4D /* DataImport */ = {
			isa = PBXGroup;
			children = (
				DEA3CB6B1847381600034A4D /* MagicalImportFunctions.h */,
				DEA3CB6C1847381600034A4D /* MagicalImportFunctions.m */,
				DEA3CB6D1847381600034A4D /* NSAttributeDescription+MagicalDataImport.h */,
				DEA3CB6E1847381600034A4D /* NSAttributeDescription+MagicalDataImport.m */,
				DEA3CB6F1847381600034A4D /* NSEntityDescription+MagicalDataImport.h */,
				DEA3CB701847381600034A4D /* NSEntityDescription+MagicalDataImport.m */,
				DEA3CB711847381600034A4D /* NSNumber+MagicalDataImport.h */,
				DEA3CB721847381600034A4D /* NSNumber+MagicalDataImport.m */,
				DEA3CB731847381600034A4D /* NSObject+MagicalDataImport.h */,
				DEA3CB741847381600034A4D /* NSObject+MagicalDataImport.m */,
				DEA3CB751847381600034A4D /* NSRelationshipDescription+MagicalDataImport.h */,
				DEA3CB761847381600034A4D /* NSRelationshipDescription+MagicalDataImport.m */,
				DEA3CB771847381600034A4D /* NSString+MagicalDataImport.h */,
				DEA3CB781847381600034A4D /* NSString+MagicalDataImport.m */,
			);
			path = DataImport;
			sourceTree = "<group>";
		};
		DEA3CB791847381600034A4D /* NSManagedObject */ = {
			isa = PBXGroup;
			children = (
				DEA3CB7A1847381600034A4D /* NSManagedObject+MagicalAggregation.h */,
				DEA3CB7B1847381600034A4D /* NSManagedObject+MagicalAggregation.m */,
				DEA3CB7C1847381600034A4D /* NSManagedObject+MagicalDataImport.h */,
				DEA3CB7D1847381600034A4D /* NSManagedObject+MagicalDataImport.m */,
				DEA3CB7E1847381600034A4D /* NSManagedObject+MagicalFinders.h */,
				DEA3CB7F1847381600034A4D /* NSManagedObject+MagicalFinders.m */,
				DEA3CB801847381600034A4D /* NSManagedObject+MagicalRecord.h */,
				DEA3CB811847381600034A4D /* NSManagedObject+MagicalRecord.m */,
				DEA3CB821847381600034A4D /* NSManagedObject+MagicalRequests.h */,
				DEA3CB831847381600034A4D /* NSManagedObject+MagicalRequests.m */,
			);
			path = NSManagedObject;
			sourceTree = "<group>";
		};
		DEA3CB841847381600034A4D /* NSManagedObjectContext */ = {
			isa = PBXGroup;
			children = (
				DEA3CB851847381600034A4D /* NSManagedObjectContext+MagicalObserving.h */,
				DEA3CB861847381600034A4D /* NSManagedObjectContext+MagicalObserving.m */,
				DEA3CB871847381600034A4D /* NSManagedObjectContext+MagicalRecord.h */,
				DEA3CB881847381600034A4D /* NSManagedObjectContext+MagicalRecord.m */,
				DEA3CB891847381600034A4D /* NSManagedObjectContext+MagicalSaves.h */,
				DEA3CB8A1847381600034A4D /* NSManagedObjectContext+MagicalSaves.m */,
				DEA3CB8B1847381600034A4D /* NSManagedObjectContext+MagicalThreading.h */,
				DEA3CB8C1847381600034A4D /* NSManagedObjectContext+MagicalThreading.m */,
			);
			path = NSManagedObjectContext;
			sourceTree = "<group>";
		};
		DEA3CB931847381600034A4D /* Core */ = {
			isa = PBXGroup;
			children = (
				DEA3CB941847381600034A4D /* MagicalRecord+Actions.h */,
				DEA3CB951847381600034A4D /* MagicalRecord+Actions.m */,
				DEA3CB961847381600034A4D /* MagicalRecord+ErrorHandling.h */,
				DEA3CB971847381600034A4D /* MagicalRecord+ErrorHandling.m */,
				DEA3CB981847381600034A4D /* MagicalRecord+iCloud.h */,
				DEA3CB991847381600034A4D /* MagicalRecord+iCloud.m */,
				DEA3CB9A1847381600034A4D /* MagicalRecord+Options.h */,
				DEA3CB9B1847381600034A4D /* MagicalRecord+Options.m */,
				DEA3CB9C1847381600034A4D /* MagicalRecord+Setup.h */,
				DEA3CB9D1847381600034A4D /* MagicalRecord+Setup.m */,
				DEA3CB9E1847381600034A4D /* MagicalRecord+ShorthandSupport.h */,
				DEA3CB9F1847381600034A4D /* MagicalRecord+ShorthandSupport.m */,
				DEA3CBA01847381600034A4D /* MagicalRecord.h */,
				DEA3CBA11847381600034A4D /* MagicalRecord.m */,
				DEA3CBA21847381600034A4D /* MagicalRecordShorthand.h */,
			);
			path = Core;
			sourceTree = "<group>";
		};
		DEA3CBC118473DF800034A4D /* Entities */ = {
			isa = PBXGroup;
			children = (
				DEA3CB64184735CE00034A4D /* Model.xcdatamodeld */,
				DEA3CBBE18473DEE00034A4D /* EditDay.h */,
				DEA3CBBF18473DEE00034A4D /* EditDay.m */,
			);
			name = Entities;
			sourceTree = "<group>";
		};
		DED0BB04184846C800F7564F /* Views */ = {
			isa = PBXGroup;
			children = (
				DEECA31D183F350E0068ABAD /* EditView */,
				DEECA31C183F34F80068ABAD /* MainView */,
			);
			name = Views;
			path = ..;
			sourceTree = "<group>";
		};
		DED0BB05184846DF00F7564F /* Lib */ = {
			isa = PBXGroup;
			children = (
				DEA3CB681847381600034A4D /* MagicalRecord */,
			);
			name = Lib;
			sourceTree = "<group>";
		};
		DED0BB06184847A100F7564F /* Utils */ = {
			isa = PBXGroup;
			children = (
				DED0BB07184848A400F7564F /* Date+Calendar.h */,
				DED0BB08184848A400F7564F /* Date+Calendar.m */,
			);
			name = Utils;
			sourceTree = "<group>";
		};
		DEDDB634183DBD2800D78B84 = {
			isa = PBXGroup;
			children = (
				DEDDB646183DBD2900D78B84 /* WaterEating_DDay */,
				DEDDB665183DBD2900D78B84 /* WaterEating_DDayTests */,
				DEDDB63F183DBD2900D78B84 /* Frameworks */,
				DEDDB63E183DBD2900D78B84 /* Products */,
			);
			sourceTree = "<group>";
		};
		DEDDB63E183DBD2900D78B84 /* Products */ = {
			isa = PBXGroup;
			children = (
				DEDDB63D183DBD2900D78B84 /* WaterEating_DDay.app */,
				DEDDB65E183DBD2900D78B84 /* WaterEating_DDayTests.xctest */,
			);
			name = Products;
			sourceTree = "<group>";
		};
		DEDDB63F183DBD2900D78B84 /* Frameworks */ = {
			isa = PBXGroup;
			children = (
				DED0BB0218482AE500F7564F /* CoreData.framework */,
				DEDDB640183DBD2900D78B84 /* Foundation.framework */,
				DEDDB642183DBD2900D78B84 /* CoreGraphics.framework */,
				DEDDB644183DBD2900D78B84 /* UIKit.framework */,
				DEDDB65F183DBD2900D78B84 /* XCTest.framework */,
			);
			name = Frameworks;
			sourceTree = "<group>";
		};
		DEDDB646183DBD2900D78B84 /* WaterEating_DDay */ = {
			isa = PBXGroup;
			children = (
				DED0BB06184847A100F7564F /* Utils */,
				DEECA31E183F351C0068ABAD /* AppDelegate */,
				DEA3CBC118473DF800034A4D /* Entities */,
				DED0BB05184846DF00F7564F /* Lib */,
				DED0BB04184846C800F7564F /* Views */,
				DEDDB658183DBD2900D78B84 /* Images.xcassets */,
				DEDDB647183DBD2900D78B84 /* Supporting Files */,
			);
			path = WaterEating_DDay;
			sourceTree = "<group>";
		};
		DEDDB647183DBD2900D78B84 /* Supporting Files */ = {
			isa = PBXGroup;
			children = (
				DE0E5549183E09B700A78CB7 /* images */,
				DEDDB648183DBD2900D78B84 /* WaterEating_DDay-Info.plist */,
				DEDDB649183DBD2900D78B84 /* InfoPlist.strings */,
				DEDDB64C183DBD2900D78B84 /* main.m */,
				DEDDB64E183DBD2900D78B84 /* WaterEating_DDay-Prefix.pch */,
			);
			name = "Supporting Files";
			sourceTree = "<group>";
		};
		DEDDB665183DBD2900D78B84 /* WaterEating_DDayTests */ = {
			isa = PBXGroup;
			children = (
				DEDDB66B183DBD2900D78B84 /* WaterEating_DDayTests.m */,
				DEDDB666183DBD2900D78B84 /* Supporting Files */,
			);
			path = WaterEating_DDayTests;
			sourceTree = "<group>";
		};
		DEDDB666183DBD2900D78B84 /* Supporting Files */ = {
			isa = PBXGroup;
			children = (
				DEDDB667183DBD2900D78B84 /* WaterEating_DDayTests-Info.plist */,
				DEDDB668183DBD2900D78B84 /* InfoPlist.strings */,
			);
			name = "Supporting Files";
			sourceTree = "<group>";
		};
		DEECA31C183F34F80068ABAD /* MainView */ = {
			isa = PBXGroup;
			children = (
				DEDDB655183DBD2900D78B84 /* WE_DDayViewController.h */,
				DEDDB656183DBD2900D78B84 /* WE_DDayViewController.m */,
				DEDDB652183DBD2900D78B84 /* D_Day.storyboard */,
			);
			name = MainView;
			path = WaterEating_DDay;
			sourceTree = "<group>";
		};
		DEECA31D183F350E0068ABAD /* EditView */ = {
			isa = PBXGroup;
			children = (
				DEECA319183F34EC0068ABAD /* EditViewController.h */,
				DEECA31A183F34EC0068ABAD /* EditViewController.m */,
				DEECA31F183F36290068ABAD /* Edit.storyboard */,
			);
			name = EditView;
			path = WaterEating_DDay;
			sourceTree = "<group>";
		};
		DEECA31E183F351C0068ABAD /* AppDelegate */ = {
			isa = PBXGroup;
			children = (
				DEDDB64F183DBD2900D78B84 /* WE_DDayAppDelegate.h */,
				DEDDB650183DBD2900D78B84 /* WE_DDayAppDelegate.m */,
			);
			name = AppDelegate;
			sourceTree = "<group>";
		};
/* End PBXGroup section */

/* Begin PBXNativeTarget section */
		DEDDB63C183DBD2900D78B84 /* WaterEating_DDay */ = {
			isa = PBXNativeTarget;
			buildConfigurationList = DEDDB66F183DBD2900D78B84 /* Build configuration list for PBXNativeTarget "WaterEating_DDay" */;
			buildPhases = (
				DEDDB639183DBD2900D78B84 /* Sources */,
				DEDDB63A183DBD2900D78B84 /* Frameworks */,
				DEDDB63B183DBD2900D78B84 /* Resources */,
			);
			buildRules = (
			);
			dependencies = (
			);
			name = WaterEating_DDay;
			productName = WaterEating_DDay;
			productReference = DEDDB63D183DBD2900D78B84 /* WaterEating_DDay.app */;
			productType = "com.apple.product-type.application";
		};
		DEDDB65D183DBD2900D78B84 /* WaterEating_DDayTests */ = {
			isa = PBXNativeTarget;
			buildConfigurationList = DEDDB672183DBD2900D78B84 /* Build configuration list for PBXNativeTarget "WaterEating_DDayTests" */;
			buildPhases = (
				DEDDB65A183DBD2900D78B84 /* Sources */,
				DEDDB65B183DBD2900D78B84 /* Frameworks */,
				DEDDB65C183DBD2900D78B84 /* Resources */,
			);
			buildRules = (
			);
			dependencies = (
				DEDDB664183DBD2900D78B84 /* PBXTargetDependency */,
			);
			name = WaterEating_DDayTests;
			productName = WaterEating_DDayTests;
			productReference = DEDDB65E183DBD2900D78B84 /* WaterEating_DDayTests.xctest */;
			productType = "com.apple.product-type.bundle.unit-test";
		};
/* End PBXNativeTarget section */

/* Begin PBXProject section */
		DEDDB635183DBD2800D78B84 /* Project object */ = {
			isa = PBXProject;
			attributes = {
				CLASSPREFIX = WE_DDay;
				LastUpgradeCheck = 0500;
				ORGANIZATIONNAME = KimJiWook;
				TargetAttributes = {
					DEDDB65D183DBD2900D78B84 = {
						TestTargetID = DEDDB63C183DBD2900D78B84;
					};
				};
			};
			buildConfigurationList = DEDDB638183DBD2800D78B84 /* Build configuration list for PBXProject "WaterEating_DDay" */;
			compatibilityVersion = "Xcode 3.2";
			developmentRegion = English;
			hasScannedForEncodings = 0;
			knownRegions = (
				en,
				Base,
			);
			mainGroup = DEDDB634183DBD2800D78B84;
			productRefGroup = DEDDB63E183DBD2900D78B84 /* Products */;
			projectDirPath = "";
			projectRoot = "";
			targets = (
				DEDDB63C183DBD2900D78B84 /* WaterEating_DDay */,
				DEDDB65D183DBD2900D78B84 /* WaterEating_DDayTests */,
			);
		};
/* End PBXProject section */

/* Begin PBXResourcesBuildPhase section */
		DEDDB63B183DBD2900D78B84 /* Resources */ = {
			isa = PBXResourcesBuildPhase;
			buildActionMask = 2147483647;
			files = (
				DEDDB659183DBD2900D78B84 /* Images.xcassets in Resources */,
				DE0E554B183E09BE00A78CB7 /* background_test.png in Resources */,
				DEECA320183F36290068ABAD /* Edit.storyboard in Resources */,
				DEDDB64B183DBD2900D78B84 /* InfoPlist.strings in Resources */,
				DEDDB654183DBD2900D78B84 /* D_Day.storyboard in Resources */,
			);
			runOnlyForDeploymentPostprocessing = 0;
		};
		DEDDB65C183DBD2900D78B84 /* Resources */ = {
			isa = PBXResourcesBuildPhase;
			buildActionMask = 2147483647;
			files = (
				DEDDB66A183DBD2900D78B84 /* InfoPlist.strings in Resources */,
			);
			runOnlyForDeploymentPostprocessing = 0;
		};
/* End PBXResourcesBuildPhase section */

/* Begin PBXSourcesBuildPhase section */
		DEDDB639183DBD2900D78B84 /* Sources */ = {
			isa = PBXSourcesBuildPhase;
			buildActionMask = 2147483647;
			files = (
				DEDDB651183DBD2900D78B84 /* WE_DDayAppDelegate.m in Sources */,
				DEDDB64D183DBD2900D78B84 /* main.m in Sources */,
				DEA3CBA71847381600034A4D /* NSNumber+MagicalDataImport.m in Sources */,
				DEA3CBA91847381600034A4D /* NSRelationshipDescription+MagicalDataImport.m in Sources */,
				DEA3CBA61847381600034A4D /* NSEntityDescription+MagicalDataImport.m in Sources */,
				DEA3CBAF1847381600034A4D /* NSManagedObject+MagicalRequests.m in Sources */,
				DEA3CBAA1847381600034A4D /* NSString+MagicalDataImport.m in Sources */,
				DEA3CBB51847381600034A4D /* NSPersistentStore+MagicalRecord.m in Sources */,
				DEA3CBC018473DEE00034A4D /* EditDay.m in Sources */,
				DEA3CB66184735CE00034A4D /* Model.xcdatamodeld in Sources */,
				DEA3CBAE1847381600034A4D /* NSManagedObject+MagicalRecord.m in Sources */,
				DEA3CBB91847381600034A4D /* MagicalRecord+iCloud.m in Sources */,
				DEA3CBB61847381600034A4D /* NSPersistentStoreCoordinator+MagicalRecord.m in Sources */,
				DEA3CBBB1847381600034A4D /* MagicalRecord+Setup.m in Sources */,
				DEECA31B183F34EC0068ABAD /* EditViewController.m in Sources */,
				DEA3CBBC1847381600034A4D /* MagicalRecord+ShorthandSupport.m in Sources */,
				DEDDB657183DBD2900D78B84 /* WE_DDayViewController.m in Sources */,
				DEA3CBBA1847381600034A4D /* MagicalRecord+Options.m in Sources */,
				DEA3CBB81847381600034A4D /* MagicalRecord+ErrorHandling.m in Sources */,
				DED0BB09184848A400F7564F /* Date+Calendar.m in Sources */,
				DEA3CBA41847381600034A4D /* MagicalImportFunctions.m in Sources */,
				DEA3CBA51847381600034A4D /* NSAttributeDescription+MagicalDataImport.m in Sources */,
				DEA3CBB21847381600034A4D /* NSManagedObjectContext+MagicalSaves.m in Sources */,
				DEA3CBBD1847381600034A4D /* MagicalRecord.m in Sources */,
				DEA3CBB31847381600034A4D /* NSManagedObjectContext+MagicalThreading.m in Sources */,
				DEA3CBB11847381600034A4D /* NSManagedObjectContext+MagicalRecord.m in Sources */,
				DEA3CBAC1847381600034A4D /* NSManagedObject+MagicalDataImport.m in Sources */,
				DEA3CBB01847381600034A4D /* NSManagedObjectContext+MagicalObserving.m in Sources */,
				DEA3CBAB1847381600034A4D /* NSManagedObject+MagicalAggregation.m in Sources */,
				DEA3CBB41847381600034A4D /* NSManagedObjectModel+MagicalRecord.m in Sources */,
				DEA3CBAD1847381600034A4D /* NSManagedObject+MagicalFinders.m in Sources */,
				DEA3CBA81847381600034A4D /* NSObject+MagicalDataImport.m in Sources */,
				DEA3CBB71847381600034A4D /* MagicalRecord+Actions.m in Sources */,
			);
			runOnlyForDeploymentPostprocessing = 0;
		};
		DEDDB65A183DBD2900D78B84 /* Sources */ = {
			isa = PBXSourcesBuildPhase;
			buildActionMask = 2147483647;
			files = (
				DEDDB66C183DBD2900D78B84 /* WaterEating_DDayTests.m in Sources */,
			);
			runOnlyForDeploymentPostprocessing = 0;
		};
/* End PBXSourcesBuildPhase section */

/* Begin PBXTargetDependency section */
		DEDDB664183DBD2900D78B84 /* PBXTargetDependency */ = {
			isa = PBXTargetDependency;
			target = DEDDB63C183DBD2900D78B84 /* WaterEating_DDay */;
			targetProxy = DEDDB663183DBD2900D78B84 /* PBXContainerItemProxy */;
		};
/* End PBXTargetDependency section */

/* Begin PBXVariantGroup section */
		DEDDB649183DBD2900D78B84 /* InfoPlist.strings */ = {
			isa = PBXVariantGroup;
			children = (
				DEDDB64A183DBD2900D78B84 /* en */,
			);
			name = InfoPlist.strings;
			sourceTree = "<group>";
		};
		DEDDB652183DBD2900D78B84 /* D_Day.storyboard */ = {
			isa = PBXVariantGroup;
			children = (
				DEDDB653183DBD2900D78B84 /* Base */,
			);
			name = D_Day.storyboard;
			sourceTree = "<group>";
		};
		DEDDB668183DBD2900D78B84 /* InfoPlist.strings */ = {
			isa = PBXVariantGroup;
			children = (
				DEDDB669183DBD2900D78B84 /* en */,
			);
			name = InfoPlist.strings;
			sourceTree = "<group>";
		};
/* End PBXVariantGroup section */

/* Begin XCBuildConfiguration section */
		DEDDB66D183DBD2900D78B84 /* Debug */ = {
			isa = XCBuildConfiguration;
			buildSettings = {
				ALWAYS_SEARCH_USER_PATHS = NO;
				ARCHS = "$(ARCHS_STANDARD_INCLUDING_64_BIT)";
				CLANG_CXX_LANGUAGE_STANDARD = "gnu++0x";
				CLANG_CXX_LIBRARY = "libc++";
				CLANG_ENABLE_MODULES = YES;
				CLANG_ENABLE_OBJC_ARC = YES;
				CLANG_WARN_BOOL_CONVERSION = YES;
				CLANG_WARN_CONSTANT_CONVERSION = YES;
				CLANG_WARN_DIRECT_OBJC_ISA_USAGE = YES_ERROR;
				CLANG_WARN_EMPTY_BODY = YES;
				CLANG_WARN_ENUM_CONVERSION = YES;
				CLANG_WARN_INT_CONVERSION = YES;
				CLANG_WARN_OBJC_ROOT_CLASS = YES_ERROR;
				CLANG_WARN__DUPLICATE_METHOD_MATCH = YES;
				"CODE_SIGN_IDENTITY[sdk=iphoneos*]" = "iPhone Developer";
				COPY_PHASE_STRIP = NO;
				GCC_C_LANGUAGE_STANDARD = gnu99;
				GCC_DYNAMIC_NO_PIC = NO;
				GCC_OPTIMIZATION_LEVEL = 0;
				GCC_PREPROCESSOR_DEFINITIONS = (
					"DEBUG=1",
					"$(inherited)",
				);
				GCC_SYMBOLS_PRIVATE_EXTERN = NO;
				GCC_WARN_64_TO_32_BIT_CONVERSION = YES;
				GCC_WARN_ABOUT_RETURN_TYPE = YES_ERROR;
				GCC_WARN_UNDECLARED_SELECTOR = YES;
				GCC_WARN_UNINITIALIZED_AUTOS = YES;
				GCC_WARN_UNUSED_FUNCTION = YES;
				GCC_WARN_UNUSED_VARIABLE = YES;
				IPHONEOS_DEPLOYMENT_TARGET = 7.0;
				ONLY_ACTIVE_ARCH = YES;
				SDKROOT = iphoneos;
			};
			name = Debug;
		};
		DEDDB66E183DBD2900D78B84 /* Release */ = {
			isa = XCBuildConfiguration;
			buildSettings = {
				ALWAYS_SEARCH_USER_PATHS = NO;
				ARCHS = "$(ARCHS_STANDARD_INCLUDING_64_BIT)";
				CLANG_CXX_LANGUAGE_STANDARD = "gnu++0x";
				CLANG_CXX_LIBRARY = "libc++";
				CLANG_ENABLE_MODULES = YES;
				CLANG_ENABLE_OBJC_ARC = YES;
				CLANG_WARN_BOOL_CONVERSION = YES;
				CLANG_WARN_CONSTANT_CONVERSION = YES;
				CLANG_WARN_DIRECT_OBJC_ISA_USAGE = YES_ERROR;
				CLANG_WARN_EMPTY_BODY = YES;
				CLANG_WARN_ENUM_CONVERSION = YES;
				CLANG_WARN_INT_CONVERSION = YES;
				CLANG_WARN_OBJC_ROOT_CLASS = YES_ERROR;
				CLANG_WARN__DUPLICATE_METHOD_MATCH = YES;
				"CODE_SIGN_IDENTITY[sdk=iphoneos*]" = "iPhone Developer";
				COPY_PHASE_STRIP = YES;
				ENABLE_NS_ASSERTIONS = NO;
				GCC_C_LANGUAGE_STANDARD = gnu99;
				GCC_WARN_64_TO_32_BIT_CONVERSION = YES;
				GCC_WARN_ABOUT_RETURN_TYPE = YES_ERROR;
				GCC_WARN_UNDECLARED_SELECTOR = YES;
				GCC_WARN_UNINITIALIZED_AUTOS = YES;
				GCC_WARN_UNUSED_FUNCTION = YES;
				GCC_WARN_UNUSED_VARIABLE = YES;
				IPHONEOS_DEPLOYMENT_TARGET = 7.0;
				SDKROOT = iphoneos;
				VALIDATE_PRODUCT = YES;
			};
			name = Release;
		};
		DEDDB670183DBD2900D78B84 /* Debug */ = {
			isa = XCBuildConfiguration;
			buildSettings = {
				ASSETCATALOG_COMPILER_APPICON_NAME = AppIcon;
				ASSETCATALOG_COMPILER_LAUNCHIMAGE_NAME = LaunchImage;
				GCC_PRECOMPILE_PREFIX_HEADER = YES;
				GCC_PREFIX_HEADER = "WaterEating_DDay/WaterEating_DDay-Prefix.pch";
				INFOPLIST_FILE = "WaterEating_DDay/WaterEating_DDay-Info.plist";
				PRODUCT_NAME = "$(TARGET_NAME)";
				WRAPPER_EXTENSION = app;
			};
			name = Debug;
		};
		DEDDB671183DBD2900D78B84 /* Release */ = {
			isa = XCBuildConfiguration;
			buildSettings = {
				ASSETCATALOG_COMPILER_APPICON_NAME = AppIcon;
				ASSETCATALOG_COMPILER_LAUNCHIMAGE_NAME = LaunchImage;
				GCC_PRECOMPILE_PREFIX_HEADER = YES;
				GCC_PREFIX_HEADER = "WaterEating_DDay/WaterEating_DDay-Prefix.pch";
				INFOPLIST_FILE = "WaterEating_DDay/WaterEating_DDay-Info.plist";
				PRODUCT_NAME = "$(TARGET_NAME)";
				WRAPPER_EXTENSION = app;
			};
			name = Release;
		};
		DEDDB673183DBD2900D78B84 /* Debug */ = {
			isa = XCBuildConfiguration;
			buildSettings = {
				ARCHS = "$(ARCHS_STANDARD_INCLUDING_64_BIT)";
				BUNDLE_LOADER = "$(BUILT_PRODUCTS_DIR)/WaterEating_DDay.app/WaterEating_DDay";
				FRAMEWORK_SEARCH_PATHS = (
					"$(SDKROOT)/Developer/Library/Frameworks",
					"$(inherited)",
					"$(DEVELOPER_FRAMEWORKS_DIR)",
				);
				GCC_PRECOMPILE_PREFIX_HEADER = YES;
				GCC_PREFIX_HEADER = "WaterEating_DDay/WaterEating_DDay-Prefix.pch";
				GCC_PREPROCESSOR_DEFINITIONS = (
					"DEBUG=1",
					"$(inherited)",
				);
				INFOPLIST_FILE = "WaterEating_DDayTests/WaterEating_DDayTests-Info.plist";
				PRODUCT_NAME = "$(TARGET_NAME)";
				TEST_HOST = "$(BUNDLE_LOADER)";
				WRAPPER_EXTENSION = xctest;
			};
			name = Debug;
		};
		DEDDB674183DBD2900D78B84 /* Release */ = {
			isa = XCBuildConfiguration;
			buildSettings = {
				ARCHS = "$(ARCHS_STANDARD_INCLUDING_64_BIT)";
				BUNDLE_LOADER = "$(BUILT_PRODUCTS_DIR)/WaterEating_DDay.app/WaterEating_DDay";
				FRAMEWORK_SEARCH_PATHS = (
					"$(SDKROOT)/Developer/Library/Frameworks",
					"$(inherited)",
					"$(DEVELOPER_FRAMEWORKS_DIR)",
				);
				GCC_PRECOMPILE_PREFIX_HEADER = YES;
				GCC_PREFIX_HEADER = "WaterEating_DDay/WaterEating_DDay-Prefix.pch";
				INFOPLIST_FILE = "WaterEating_DDayTests/WaterEating_DDayTests-Info.plist";
				PRODUCT_NAME = "$(TARGET_NAME)";
				TEST_HOST = "$(BUNDLE_LOADER)";
				WRAPPER_EXTENSION = xctest;
			};
			name = Release;
		};
/* End XCBuildConfiguration section */

/* Begin XCConfigurationList section */
		DEDDB638183DBD2800D78B84 /* Build configuration list for PBXProject "WaterEating_DDay" */ = {
			isa = XCConfigurationList;
			buildConfigurations = (
				DEDDB66D183DBD2900D78B84 /* Debug */,
				DEDDB66E183DBD2900D78B84 /* Release */,
			);
			defaultConfigurationIsVisible = 0;
			defaultConfigurationName = Release;
		};
		DEDDB66F183DBD2900D78B84 /* Build configuration list for PBXNativeTarget "WaterEating_DDay" */ = {
			isa = XCConfigurationList;
			buildConfigurations = (
				DEDDB670183DBD2900D78B84 /* Debug */,
				DEDDB671183DBD2900D78B84 /* Release */,
			);
			defaultConfigurationIsVisible = 0;
			defaultConfigurationName = Release;
		};
		DEDDB672183DBD2900D78B84 /* Build configuration list for PBXNativeTarget "WaterEating_DDayTests" */ = {
			isa = XCConfigurationList;
			buildConfigurations = (
				DEDDB673183DBD2900D78B84 /* Debug */,
				DEDDB674183DBD2900D78B84 /* Release */,
			);
			defaultConfigurationIsVisible = 0;
			defaultConfigurationName = Release;
		};
/* End XCConfigurationList section */

/* Begin XCVersionGroup section */
		DEA3CB64184735CE00034A4D /* Model.xcdatamodeld */ = {
			isa = XCVersionGroup;
			children = (
				DEA3CB65184735CE00034A4D /* Model.xcdatamodel */,
			);
			currentVersion = DEA3CB65184735CE00034A4D /* Model.xcdatamodel */;
			name = Model.xcdatamodeld;
			path = ../Model.xcdatamodeld;
			sourceTree = "<group>";
			versionGroupType = wrapper.xcdatamodel;
		};
/* End XCVersionGroup section */
	};
	rootObject = DEDDB635183DBD2800D78B84 /* Project object */;
}
